// !$*UTF8*$!
{
	archiveVersion = 1;
	classes = {
	};
	objectVersion = 46;
	objects = {

/* Begin PBXBuildFile section */
		6B257D8B1D3105F9004AAAD0 /* AppDelegate.swift in Sources */ = {isa = PBXBuildFile; fileRef = 6B257D8A1D3105F9004AAAD0 /* AppDelegate.swift */; };
		6B257D8D1D3105F9004AAAD0 /* ViewController.swift in Sources */ = {isa = PBXBuildFile; fileRef = 6B257D8C1D3105F9004AAAD0 /* ViewController.swift */; };
		6B257D901D3105F9004AAAD0 /* Main.storyboard in Resources */ = {isa = PBXBuildFile; fileRef = 6B257D8E1D3105F9004AAAD0 /* Main.storyboard */; };
		6B257D921D3105F9004AAAD0 /* Assets.xcassets in Resources */ = {isa = PBXBuildFile; fileRef = 6B257D911D3105F9004AAAD0 /* Assets.xcassets */; };
		6B257D951D3105F9004AAAD0 /* LaunchScreen.storyboard in Resources */ = {isa = PBXBuildFile; fileRef = 6B257D931D3105F9004AAAD0 /* LaunchScreen.storyboard */; };
		6B257DA01D3105F9004AAAD0 /* PinDragTests.swift in Sources */ = {isa = PBXBuildFile; fileRef = 6B257D9F1D3105F9004AAAD0 /* PinDragTests.swift */; };
		6B257DAB1D3105F9004AAAD0 /* PinDragUITests.swift in Sources */ = {isa = PBXBuildFile; fileRef = 6B257DAA1D3105F9004AAAD0 /* PinDragUITests.swift */; };
		6B257DBA1D310600004AAAD0 /* MapKit.framework in Frameworks */ = {isa = PBXBuildFile; fileRef = 6B257DB91D310600004AAAD0 /* MapKit.framework */; };
/* End PBXBuildFile section */

/* Begin PBXContainerItemProxy section */
		6B257D9C1D3105F9004AAAD0 /* PBXContainerItemProxy */ = {
			isa = PBXContainerItemProxy;
			containerPortal = 6B257D7F1D3105F9004AAAD0 /* Project object */;
			proxyType = 1;
			remoteGlobalIDString = 6B257D861D3105F9004AAAD0;
			remoteInfo = PinDrag;
		};
		6B257DA71D3105F9004AAAD0 /* PBXContainerItemProxy */ = {
			isa = PBXContainerItemProxy;
			containerPortal = 6B257D7F1D3105F9004AAAD0 /* Project object */;
			proxyType = 1;
			remoteGlobalIDString = 6B257D861D3105F9004AAAD0;
			remoteInfo = PinDrag;
		};
/* End PBXContainerItemProxy section */

/* Begin PBXFileReference section */
		6B257D871D3105F9004AAAD0 /* PinDrag.app */ = {isa = PBXFileReference; explicitFileType = wrapper.application; includeInIndex = 0; path = PinDrag.app; sourceTree = BUILT_PRODUCTS_DIR; };
		6B257D8A1D3105F9004AAAD0 /* AppDelegate.swift */ = {isa = PBXFileReference; lastKnownFileType = sourcecode.swift; path = AppDelegate.swift; sourceTree = "<group>"; };
		6B257D8C1D3105F9004AAAD0 /* ViewController.swift */ = {isa = PBXFileReference; lastKnownFileType = sourcecode.swift; path = ViewController.swift; sourceTree = "<group>"; };
		6B257D8F1D3105F9004AAAD0 /* Base */ = {isa = PBXFileReference; lastKnownFileType = file.storyboard; name = Base; path = Base.lproj/Main.storyboard; sourceTree = "<group>"; };
		6B257D911D3105F9004AAAD0 /* Assets.xcassets */ = {isa = PBXFileReference; lastKnownFileType = folder.assetcatalog; path = Assets.xcassets; sourceTree = "<group>"; };
		6B257D941D3105F9004AAAD0 /* Base */ = {isa = PBXFileReference; lastKnownFileType = file.storyboard; name = Base; path = Base.lproj/LaunchScreen.storyboard; sourceTree = "<group>"; };
		6B257D961D3105F9004AAAD0 /* Info.plist */ = {isa = PBXFileReference; lastKnownFileType = text.plist.xml; path = Info.plist; sourceTree = "<group>"; };
		6B257D9B1D3105F9004AAAD0 /* PinDragTests.xctest */ = {isa = PBXFileReference; explicitFileType = wrapper.cfbundle; includeInIndex = 0; path = PinDragTests.xctest; sourceTree = BUILT_PRODUCTS_DIR; };
		6B257D9F1D3105F9004AAAD0 /* PinDragTests.swift */ = {isa = PBXFileReference; lastKnownFileType = sourcecode.swift; path = PinDragTests.swift; sourceTree = "<group>"; };
		6B257DA11D3105F9004AAAD0 /* Info.plist */ = {isa = PBXFileReference; lastKnownFileType = text.plist.xml; path = Info.plist; sourceTree = "<group>"; };
		6B257DA61D3105F9004AAAD0 /* PinDragUITests.xctest */ = {isa = PBXFileReference; explicitFileType = wrapper.cfbundle; includeInIndex = 0; path = PinDragUITests.xctest; sourceTree = BUILT_PRODUCTS_DIR; };
		6B257DAA1D3105F9004AAAD0 /* PinDragUITests.swift */ = {isa = PBXFileReference; lastKnownFileType = sourcecode.swift; path = PinDragUITests.swift; sourceTree = "<group>"; };
		6B257DAC1D3105F9004AAAD0 /* Info.plist */ = {isa = PBXFileReference; lastKnownFileType = text.plist.xml; path = Info.plist; sourceTree = "<group>"; };
		6B257DB91D310600004AAAD0 /* MapKit.framework */ = {isa = PBXFileReference; lastKnownFileType = wrapper.framework; name = MapKit.framework; path = System/Library/Frameworks/MapKit.framework; sourceTree = SDKROOT; };
/* End PBXFileReference section */

/* Begin PBXFrameworksBuildPhase section */
		6B257D841D3105F9004AAAD0 /* Frameworks */ = {
			isa = PBXFrameworksBuildPhase;
			buildActionMask = 2147483647;
			files = (
				6B257DBA1D310600004AAAD0 /* MapKit.framework in Frameworks */,
			);
			runOnlyForDeploymentPostprocessing = 0;
		};
		6B257D981D3105F9004AAAD0 /* Frameworks */ = {
			isa = PBXFrameworksBuildPhase;
			buildActionMask = 2147483647;
			files = (
			);
			runOnlyForDeploymentPostprocessing = 0;
		};
		6B257DA31D3105F9004AAAD0 /* Frameworks */ = {
			isa = PBXFrameworksBuildPhase;
			buildActionMask = 2147483647;
			files = (
			);
			runOnlyForDeploymentPostprocessing = 0;
		};
/* End PBXFrameworksBuildPhase section */

/* Begin PBXGroup section */
		6B257D7E1D3105F9004AAAD0 = {
			isa = PBXGroup;
			children = (
				6B257D891D3105F9004AAAD0 /* PinDrag */,
				6B257D9E1D3105F9004AAAD0 /* PinDragTests */,
				6B257DA91D3105F9004AAAD0 /* PinDragUITests */,
				6B257D881D3105F9004AAAD0 /* Products */,
				6B257DB81D310600004AAAD0 /* Frameworks */,
			);
			sourceTree = "<group>";
		};
		6B257D881D3105F9004AAAD0 /* Products */ = {
			isa = PBXGroup;
			children = (
				6B257D871D3105F9004AAAD0 /* PinDrag.app */,
				6B257D9B1D3105F9004AAAD0 /* PinDragTests.xctest */,
				6B257DA61D3105F9004AAAD0 /* PinDragUITests.xctest */,
			);
			name = Products;
			sourceTree = "<group>";
		};
		6B257D891D3105F9004AAAD0 /* PinDrag */ = {
			isa = PBXGroup;
			children = (
				6B257D8A1D3105F9004AAAD0 /* AppDelegate.swift */,
				6B257D8C1D3105F9004AAAD0 /* ViewController.swift */,
				6B257D8E1D3105F9004AAAD0 /* Main.storyboard */,
				6B257D911D3105F9004AAAD0 /* Assets.xcassets */,
				6B257D931D3105F9004AAAD0 /* LaunchScreen.storyboard */,
				6B257D961D3105F9004AAAD0 /* Info.plist */,
			);
			path = PinDrag;
			sourceTree = "<group>";
		};
		6B257D9E1D3105F9004AAAD0 /* PinDragTests */ = {
			isa = PBXGroup;
			children = (
				6B257D9F1D3105F9004AAAD0 /* PinDragTests.swift */,
				6B257DA11D3105F9004AAAD0 /* Info.plist */,
			);
			path = PinDragTests;
			sourceTree = "<group>";
		};
		6B257DA91D3105F9004AAAD0 /* PinDragUITests */ = {
			isa = PBXGroup;
			children = (
				6B257DAA1D3105F9004AAAD0 /* PinDragUITests.swift */,
				6B257DAC1D3105F9004AAAD0 /* Info.plist */,
			);
			path = PinDragUITests;
			sourceTree = "<group>";
		};
		6B257DB81D310600004AAAD0 /* Frameworks */ = {
			isa = PBXGroup;
			children = (
				6B257DB91D310600004AAAD0 /* MapKit.framework */,
			);
			name = Frameworks;
			sourceTree = "<group>";
		};
/* End PBXGroup section */

/* Begin PBXNativeTarget section */
		6B257D861D3105F9004AAAD0 /* PinDrag */ = {
			isa = PBXNativeTarget;
			buildConfigurationList = 6B257DAF1D3105F9004AAAD0 /* Build configuration list for PBXNativeTarget "PinDrag" */;
			buildPhases = (
				6B257D831D3105F9004AAAD0 /* Sources */,
				6B257D841D3105F9004AAAD0 /* Frameworks */,
				6B257D851D3105F9004AAAD0 /* Resources */,
			);
			buildRules = (
			);
			dependencies = (
			);
			name = PinDrag;
			productName = PinDrag;
			productReference = 6B257D871D3105F9004AAAD0 /* PinDrag.app */;
			productType = "com.apple.product-type.application";
		};
		6B257D9A1D3105F9004AAAD0 /* PinDragTests */ = {
			isa = PBXNativeTarget;
			buildConfigurationList = 6B257DB21D3105F9004AAAD0 /* Build configuration list for PBXNativeTarget "PinDragTests" */;
			buildPhases = (
				6B257D971D3105F9004AAAD0 /* Sources */,
				6B257D981D3105F9004AAAD0 /* Frameworks */,
				6B257D991D3105F9004AAAD0 /* Resources */,
			);
			buildRules = (
			);
			dependencies = (
				6B257D9D1D3105F9004AAAD0 /* PBXTargetDependency */,
			);
			name = PinDragTests;
			productName = PinDragTests;
			productReference = 6B257D9B1D3105F9004AAAD0 /* PinDragTests.xctest */;
			productType = "com.apple.product-type.bundle.unit-test";
		};
		6B257DA51D3105F9004AAAD0 /* PinDragUITests */ = {
			isa = PBXNativeTarget;
			buildConfigurationList = 6B257DB51D3105F9004AAAD0 /* Build configuration list for PBXNativeTarget "PinDragUITests" */;
			buildPhases = (
				6B257DA21D3105F9004AAAD0 /* Sources */,
				6B257DA31D3105F9004AAAD0 /* Frameworks */,
				6B257DA41D3105F9004AAAD0 /* Resources */,
			);
			buildRules = (
			);
			dependencies = (
				6B257DA81D3105F9004AAAD0 /* PBXTargetDependency */,
			);
			name = PinDragUITests;
			productName = PinDragUITests;
			productReference = 6B257DA61D3105F9004AAAD0 /* PinDragUITests.xctest */;
			productType = "com.apple.product-type.bundle.ui-testing";
		};
/* End PBXNativeTarget section */

/* Begin PBXProject section */
		6B257D7F1D3105F9004AAAD0 /* Project object */ = {
			isa = PBXProject;
			attributes = {
				LastSwiftUpdateCheck = 0800;
				LastUpgradeCheck = 0900;
				ORGANIZATIONNAME = ChuKoKang;
				TargetAttributes = {
					6B257D861D3105F9004AAAD0 = {
						CreatedOnToolsVersion = 8.0;
						DevelopmentTeam = 8G85EE7C35;
						DevelopmentTeamName = "KoKang Chu";
						LastSwiftMigration = 0900;
						ProvisioningStyle = Automatic;
						SystemCapabilities = {
							com.apple.Maps.iOS = {
								enabled = 1;
							};
						};
					};
					6B257D9A1D3105F9004AAAD0 = {
						CreatedOnToolsVersion = 8.0;
						DevelopmentTeam = 8G85EE7C35;
						DevelopmentTeamName = "KoKang Chu";
						LastSwiftMigration = 0900;
						ProvisioningStyle = Automatic;
						TestTargetID = 6B257D861D3105F9004AAAD0;
					};
					6B257DA51D3105F9004AAAD0 = {
						CreatedOnToolsVersion = 8.0;
						DevelopmentTeam = 8G85EE7C35;
						DevelopmentTeamName = "KoKang Chu";
						LastSwiftMigration = 0900;
						ProvisioningStyle = Automatic;
						TestTargetID = 6B257D861D3105F9004AAAD0;
					};
				};
			};
			buildConfigurationList = 6B257D821D3105F9004AAAD0 /* Build configuration list for PBXProject "PinDrag" */;
			compatibilityVersion = "Xcode 3.2";
			developmentRegion = English;
			hasScannedForEncodings = 0;
			knownRegions = (
				en,
				Base,
			);
			mainGroup = 6B257D7E1D3105F9004AAAD0;
			productRefGroup = 6B257D881D3105F9004AAAD0 /* Products */;
			projectDirPath = "";
			projectRoot = "";
			targets = (
				6B257D861D3105F9004AAAD0 /* PinDrag */,
				6B257D9A1D3105F9004AAAD0 /* PinDragTests */,
				6B257DA51D3105F9004AAAD0 /* PinDragUITests */,
			);
		};
/* End PBXProject section */

/* Begin PBXResourcesBuildPhase section */
		6B257D851D3105F9004AAAD0 /* Resources */ = {
			isa = PBXResourcesBuildPhase;
			buildActionMask = 2147483647;
			files = (
				6B257D951D3105F9004AAAD0 /* LaunchScreen.storyboard in Resources */,
				6B257D921D3105F9004AAAD0 /* Assets.xcassets in Resources */,
				6B257D901D3105F9004AAAD0 /* Main.storyboard in Resources */,
			);
			runOnlyForDeploymentPostprocessing = 0;
		};
		6B257D991D3105F9004AAAD0 /* Resources */ = {
			isa = PBXResourcesBuildPhase;
			buildActionMask = 2147483647;
			files = (
			);
			runOnlyForDeploymentPostprocessing = 0;
		};
		6B257DA41D3105F9004AAAD0 /* Resources */ = {
			isa = PBXResourcesBuildPhase;
			buildActionMask = 2147483647;
			files = (
			);
			runOnlyForDeploymentPostprocessing = 0;
		};
/* End PBXResourcesBuildPhase section */

/* Begin PBXSourcesBuildPhase section */
		6B257D831D3105F9004AAAD0 /* Sources */ = {
			isa = PBXSourcesBuildPhase;
			buildActionMask = 2147483647;
			files = (
				6B257D8D1D3105F9004AAAD0 /* ViewController.swift in Sources */,
				6B257D8B1D3105F9004AAAD0 /* AppDelegate.swift in Sources */,
			);
			runOnlyForDeploymentPostprocessing = 0;
		};
		6B257D971D3105F9004AAAD0 /* Sources */ = {
			isa = PBXSourcesBuildPhase;
			buildActionMask = 2147483647;
			files = (
				6B257DA01D3105F9004AAAD0 /* PinDragTests.swift in Sources */,
			);
			runOnlyForDeploymentPostprocessing = 0;
		};
		6B257DA21D3105F9004AAAD0 /* Sources */ = {
			isa = PBXSourcesBuildPhase;
			buildActionMask = 2147483647;
			files = (
				6B257DAB1D3105F9004AAAD0 /* PinDragUITests.swift in Sources */,
			);
			runOnlyForDeploymentPostprocessing = 0;
		};
/* End PBXSourcesBuildPhase section */

/* Begin PBXTargetDependency section */
		6B257D9D1D3105F9004AAAD0 /* PBXTargetDependency */ = {
			isa = PBXTargetDependency;
			target = 6B257D861D3105F9004AAAD0 /* PinDrag */;
			targetProxy = 6B257D9C1D3105F9004AAAD0 /* PBXContainerItemProxy */;
		};
		6B257DA81D3105F9004AAAD0 /* PBXTargetDependency */ = {
			isa = PBXTargetDependency;
			target = 6B257D861D3105F9004AAAD0 /* PinDrag */;
			targetProxy = 6B257DA71D3105F9004AAAD0 /* PBXContainerItemProxy */;
		};
/* End PBXTargetDependency section */

/* Begin PBXVariantGroup section */
		6B257D8E1D3105F9004AAAD0 /* Main.storyboard */ = {
			isa = PBXVariantGroup;
			children = (
				6B257D8F1D3105F9004AAAD0 /* Base */,
			);
			name = Main.storyboard;
			sourceTree = "<group>";
		};
		6B257D931D3105F9004AAAD0 /* LaunchScreen.storyboard */ = {
			isa = PBXVariantGroup;
			children = (
				6B257D941D3105F9004AAAD0 /* Base */,
			);
			name = LaunchScreen.storyboard;
			sourceTree = "<group>";
		};
/* End PBXVariantGroup section */

/* Begin XCBuildConfiguration section */
		6B257DAD1D3105F9004AAAD0 /* Debug */ = {
			isa = XCBuildConfiguration;
			buildSettings = {
				ALWAYS_SEARCH_USER_PATHS = NO;
				CLANG_ANALYZER_NONNULL = YES;
				CLANG_CXX_LANGUAGE_STANDARD = "gnu++0x";
				CLANG_CXX_LIBRARY = "libc++";
				CLANG_ENABLE_MODULES = YES;
				CLANG_ENABLE_OBJC_ARC = YES;
				CLANG_WARN_BLOCK_CAPTURE_AUTORELEASING = YES;
				CLANG_WARN_BOOL_CONVERSION = YES;
				CLANG_WARN_COMMA = YES;
				CLANG_WARN_CONSTANT_CONVERSION = YES;
				CLANG_WARN_DIRECT_OBJC_ISA_USAGE = YES_ERROR;
				CLANG_WARN_DOCUMENTATION_COMMENTS = YES;
				CLANG_WARN_EMPTY_BODY = YES;
				CLANG_WARN_ENUM_CONVERSION = YES;
				CLANG_WARN_INFINITE_RECURSION = YES;
				CLANG_WARN_INT_CONVERSION = YES;
				CLANG_WARN_NON_LITERAL_NULL_CONVERSION = YES;
				CLANG_WARN_OBJC_LITERAL_CONVERSION = YES;
				CLANG_WARN_OBJC_ROOT_CLASS = YES_ERROR;
				CLANG_WARN_RANGE_LOOP_ANALYSIS = YES;
				CLANG_WARN_STRICT_PROTOTYPES = YES;
				CLANG_WARN_SUSPICIOUS_MOVE = YES;
				CLANG_WARN_UNREACHABLE_CODE = YES;
				CLANG_WARN__DUPLICATE_METHOD_MATCH = YES;
				"CODE_SIGN_IDENTITY[sdk=iphoneos*]" = "iPhone Developer";
				COPY_PHASE_STRIP = NO;
				DEBUG_INFORMATION_FORMAT = dwarf;
				ENABLE_STRICT_OBJC_MSGSEND = YES;
				ENABLE_TESTABILITY = YES;
				GCC_C_LANGUAGE_STANDARD = gnu99;
				GCC_DYNAMIC_NO_PIC = NO;
				GCC_NO_COMMON_BLOCKS = YES;
				GCC_OPTIMIZATION_LEVEL = 0;
				GCC_PREPROCESSOR_DEFINITIONS = (
					"DEBUG=1",
					"$(inherited)",
				);
				GCC_WARN_64_TO_32_BIT_CONVERSION = YES;
				GCC_WARN_ABOUT_RETURN_TYPE = YES_ERROR;
				GCC_WARN_UNDECLARED_SELECTOR = YES;
				GCC_WARN_UNINITIALIZED_AUTOS = YES_AGGRESSIVE;
				GCC_WARN_UNUSED_FUNCTION = YES;
				GCC_WARN_UNUSED_VARIABLE = YES;
				IPHONEOS_DEPLOYMENT_TARGET = 10.0;
				MTL_ENABLE_DEBUG_INFO = YES;
				ONLY_ACTIVE_ARCH = YES;
				SDKROOT = iphoneos;
				SWIFT_ACTIVE_COMPILATION_CONDITIONS = DEBUG;
				SWIFT_OPTIMIZATION_LEVEL = "-Onone";
				TARGETED_DEVICE_FAMILY = "1,2";
			};
			name = Debug;
		};
		6B257DAE1D3105F9004AAAD0 /* Release */ = {
			isa = XCBuildConfiguration;
			buildSettings = {
				ALWAYS_SEARCH_USER_PATHS = NO;
				CLANG_ANALYZER_NONNULL = YES;
				CLANG_CXX_LANGUAGE_STANDARD = "gnu++0x";
				CLANG_CXX_LIBRARY = "libc++";
				CLANG_ENABLE_MODULES = YES;
				CLANG_ENABLE_OBJC_ARC = YES;
				CLANG_WARN_BLOCK_CAPTURE_AUTORELEASING = YES;
				CLANG_WARN_BOOL_CONVERSION = YES;
				CLANG_WARN_COMMA = YES;
				CLANG_WARN_CONSTANT_CONVERSION = YES;
				CLANG_WARN_DIRECT_OBJC_ISA_USAGE = YES_ERROR;
				CLANG_WARN_DOCUMENTATION_COMMENTS = YES;
				CLANG_WARN_EMPTY_BODY = YES;
				CLANG_WARN_ENUM_CONVERSION = YES;
				CLANG_WARN_INFINITE_RECURSION = YES;
				CLANG_WARN_INT_CONVERSION = YES;
				CLANG_WARN_NON_LITERAL_NULL_CONVERSION = YES;
				CLANG_WARN_OBJC_LITERAL_CONVERSION = YES;
				CLANG_WARN_OBJC_ROOT_CLASS = YES_ERROR;
				CLANG_WARN_RANGE_LOOP_ANALYSIS = YES;
				CLANG_WARN_STRICT_PROTOTYPES = YES;
				CLANG_WARN_SUSPICIOUS_MOVE = YES;
				CLANG_WARN_UNREACHABLE_CODE = YES;
				CLANG_WARN__DUPLICATE_METHOD_MATCH = YES;
				"CODE_SIGN_IDENTITY[sdk=iphoneos*]" = "iPhone Developer";
				COPY_PHASE_STRIP = NO;
				DEBUG_INFORMATION_FORMAT = "dwarf-with-dsym";
				ENABLE_NS_ASSERTIONS = NO;
				ENABLE_STRICT_OBJC_MSGSEND = YES;
				GCC_C_LANGUAGE_STANDARD = gnu99;
				GCC_NO_COMMON_BLOCKS = YES;
				GCC_WARN_64_TO_32_BIT_CONVERSION = YES;
				GCC_WARN_ABOUT_RETURN_TYPE = YES_ERROR;
				GCC_WARN_UNDECLARED_SELECTOR = YES;
				GCC_WARN_UNINITIALIZED_AUTOS = YES_AGGRESSIVE;
				GCC_WARN_UNUSED_FUNCTION = YES;
				GCC_WARN_UNUSED_VARIABLE = YES;
				IPHONEOS_DEPLOYMENT_TARGET = 10.0;
				MTL_ENABLE_DEBUG_INFO = NO;
				SDKROOT = iphoneos;
				SWIFT_OPTIMIZATION_LEVEL = "-Owholemodule";
				TARGETED_DEVICE_FAMILY = "1,2";
				VALIDATE_PRODUCT = YES;
			};
			name = Release;
		};
		6B257DB01D3105F9004AAAD0 /* Debug */ = {
			isa = XCBuildConfiguration;
			buildSettings = {
				ASSETCATALOG_COMPILER_APPICON_NAME = AppIcon;
				INFOPLIST_FILE = PinDrag/Info.plist;
				LD_RUNPATH_SEARCH_PATHS = "$(inherited) @executable_path/Frameworks";
				PRODUCT_BUNDLE_IDENTIFIER = books.ckk.PinDrag;
				PRODUCT_NAME = "$(TARGET_NAME)";
				SWIFT_SWIFT3_OBJC_INFERENCE = Default;
				SWIFT_VERSION = 4.0;
			};
			name = Debug;
		};
		6B257DB11D3105F9004AAAD0 /* Release */ = {
			isa = XCBuildConfiguration;
			buildSettings = {
				ASSETCATALOG_COMPILER_APPICON_NAME = AppIcon;
				INFOPLIST_FILE = PinDrag/Info.plist;
				LD_RUNPATH_SEARCH_PATHS = "$(inherited) @executable_path/Frameworks";
				PRODUCT_BUNDLE_IDENTIFIER = books.ckk.PinDrag;
				PRODUCT_NAME = "$(TARGET_NAME)";
				SWIFT_SWIFT3_OBJC_INFERENCE = Default;
				SWIFT_VERSION = 4.0;
			};
			name = Release;
		};
		6B257DB31D3105F9004AAAD0 /* Debug */ = {
			isa = XCBuildConfiguration;
			buildSettings = {
				BUNDLE_LOADER = "$(TEST_HOST)";
				INFOPLIST_FILE = PinDragTests/Info.plist;
				LD_RUNPATH_SEARCH_PATHS = "$(inherited) @executable_path/Frameworks @loader_path/Frameworks";
				PRODUCT_BUNDLE_IDENTIFIER = books.ckk.PinDragTests;
				PRODUCT_NAME = "$(TARGET_NAME)";
				SWIFT_SWIFT3_OBJC_INFERENCE = On;
				SWIFT_VERSION = 4.0;
				TEST_HOST = "$(BUILT_PRODUCTS_DIR)/PinDrag.app/PinDrag";
			};
			name = Debug;
		};
		6B257DB41D3105F9004AAAD0 /* Release */ = {
			isa = XCBuildConfiguration;
			buildSettings = {
				BUNDLE_LOADER = "$(TEST_HOST)";
				INFOPLIST_FILE = PinDragTests/Info.plist;
				LD_RUNPATH_SEARCH_PATHS = "$(inherited) @executable_path/Frameworks @loader_path/Frameworks";
				PRODUCT_BUNDLE_IDENTIFIER = books.ckk.PinDragTests;
				PRODUCT_NAME = "$(TARGET_NAME)";
				SWIFT_SWIFT3_OBJC_INFERENCE = On;
				SWIFT_VERSION = 4.0;
				TEST_HOST = "$(BUILT_PRODUCTS_DIR)/PinDrag.app/PinDrag";
			};
			name = Release;
		};
		6B257DB61D3105F9004AAAD0 /* Debug */ = {
			isa = XCBuildConfiguration;
			buildSettings = {
				INFOPLIST_FILE = PinDragUITests/Info.plist;
				LD_RUNPATH_SEARCH_PATHS = "$(inherited) @executable_path/Frameworks @loader_path/Frameworks";
				PRODUCT_BUNDLE_IDENTIFIER = books.ckk.PinDragUITests;
				PRODUCT_NAME = "$(TARGET_NAME)";
				SWIFT_SWIFT3_OBJC_INFERENCE = On;
				SWIFT_VERSION = 4.0;
				TEST_TARGET_NAME = PinDrag;
			};
			name = Debug;
		};
		6B257DB71D3105F9004AAAD0 /* Release */ = {
			isa = XCBuildConfiguration;
			buildSettings = {
				INFOPLIST_FILE = PinDragUITests/Info.plist;
				LD_RUNPATH_SEARCH_PATHS = "$(inherited) @executable_path/Frameworks @loader_path/Frameworks";
				PRODUCT_BUNDLE_IDENTIFIER = books.ckk.PinDragUITests;
				PRODUCT_NAME = "$(TARGET_NAME)";
				SWIFT_SWIFT3_OBJC_INFERENCE = On;
				SWIFT_VERSION = 4.0;
				TEST_TARGET_NAME = PinDrag;
			};
			name = Release;
		};
/* End XCBuildConfiguration section */

/* Begin XCConfigurationList section */
		6B257D821D3105F9004AAAD0 /* Build configuration list for PBXProject "PinDrag" */ = {
			isa = XCConfigurationList;
			buildConfigurations = (
				6B257DAD1D3105F9004AAAD0 /* Debug */,
				6B257DAE1D3105F9004AAAD0 /* Release */,
			);
			defaultConfigurationIsVisible = 0;
			defaultConfigurationName = Release;
		};
		6B257DAF1D3105F9004AAAD0 /* Build configuration list for PBXNativeTarget "PinDrag" */ = {
			isa = XCConfigurationList;
			buildConfigurations = (
				6B257DB01D3105F9004AAAD0 /* Debug */,
				6B257DB11D3105F9004AAAD0 /* Release */,
			);
			defaultConfigurationIsVisible = 0;
			defaultConfigurationName = Release;
		};
		6B257DB21D3105F9004AAAD0 /* Build configuration list for PBXNativeTarget "PinDragTests" */ = {
			isa = XCConfigurationList;
			buildConfigurations = (
				6B257DB31D3105F9004AAAD0 /* Debug */,
				6B257DB41D3105F9004AAAD0 /* Release */,
			);
			defaultConfigurationIsVisible = 0;
			defaultConfigurationName = Release;
		};
		6B257DB51D3105F9004AAAD0 /* Build configuration list for PBXNativeTarget "PinDragUITests" */ = {
			isa = XCConfigurationList;
			buildConfigurations = (
				6B257DB61D3105F9004AAAD0 /* Debug */,
				6B257DB71D3105F9004AAAD0 /* Release */,
			);
			defaultConfigurationIsVisible = 0;
			defaultConfigurationName = Release;
		};
/* End XCConfigurationList section */
	};
	rootObject = 6B257D7F1D3105F9004AAAD0 /* Project object */;
}
