// !$*UTF8*$!
{
	archiveVersion = 1;
	classes = {
	};
	objectVersion = 48;
	objects = {

/* Begin PBXBuildFile section */
		6BEE24621EEE68AC00908BEE /* AppDelegate.swift in Sources */ = {isa = PBXBuildFile; fileRef = 6BEE24611EEE68AC00908BEE /* AppDelegate.swift */; };
		6BEE24641EEE68AC00908BEE /* ViewController.swift in Sources */ = {isa = PBXBuildFile; fileRef = 6BEE24631EEE68AC00908BEE /* ViewController.swift */; };
		6BEE24671EEE68AC00908BEE /* Main.storyboard in Resources */ = {isa = PBXBuildFile; fileRef = 6BEE24651EEE68AC00908BEE /* Main.storyboard */; };
		6BEE24691EEE68AC00908BEE /* Assets.xcassets in Resources */ = {isa = PBXBuildFile; fileRef = 6BEE24681EEE68AC00908BEE /* Assets.xcassets */; };
		6BEE246C1EEE68AC00908BEE /* LaunchScreen.storyboard in Resources */ = {isa = PBXBuildFile; fileRef = 6BEE246A1EEE68AC00908BEE /* LaunchScreen.storyboard */; };
/* End PBXBuildFile section */

/* Begin PBXFileReference section */
		6BEE245E1EEE68AC00908BEE /* AnimatedCircle.app */ = {isa = PBXFileReference; explicitFileType = wrapper.application; includeInIndex = 0; path = AnimatedCircle.app; sourceTree = BUILT_PRODUCTS_DIR; };
		6BEE24611EEE68AC00908BEE /* AppDelegate.swift */ = {isa = PBXFileReference; lastKnownFileType = sourcecode.swift; path = AppDelegate.swift; sourceTree = "<group>"; };
		6BEE24631EEE68AC00908BEE /* ViewController.swift */ = {isa = PBXFileReference; lastKnownFileType = sourcecode.swift; path = ViewController.swift; sourceTree = "<group>"; };
		6BEE24661EEE68AC00908BEE /* Base */ = {isa = PBXFileReference; lastKnownFileType = file.storyboard; name = Base; path = Base.lproj/Main.storyboard; sourceTree = "<group>"; };
		6BEE24681EEE68AC00908BEE /* Assets.xcassets */ = {isa = PBXFileReference; lastKnownFileType = folder.assetcatalog; path = Assets.xcassets; sourceTree = "<group>"; };
		6BEE246B1EEE68AC00908BEE /* Base */ = {isa = PBXFileReference; lastKnownFileType = file.storyboard; name = Base; path = Base.lproj/LaunchScreen.storyboard; sourceTree = "<group>"; };
		6BEE246D1EEE68AC00908BEE /* Info.plist */ = {isa = PBXFileReference; lastKnownFileType = text.plist.xml; path = Info.plist; sourceTree = "<group>"; };
/* End PBXFileReference section */

/* Begin PBXFrameworksBuildPhase section */
		6BEE245B1EEE68AC00908BEE /* Frameworks */ = {
			isa = PBXFrameworksBuildPhase;
			buildActionMask = 2147483647;
			files = (
			);
			runOnlyForDeploymentPostprocessing = 0;
		};
/* End PBXFrameworksBuildPhase section */

/* Begin PBXGroup section */
		6BEE24551EEE68AC00908BEE = {
			isa = PBXGroup;
			children = (
				6BEE24601EEE68AC00908BEE /* AnimatedCircle */,
				6BEE245F1EEE68AC00908BEE /* Products */,
			);
			sourceTree = "<group>";
		};
		6BEE245F1EEE68AC00908BEE /* Products */ = {
			isa = PBXGroup;
			children = (
				6BEE245E1EEE68AC00908BEE /* AnimatedCircle.app */,
			);
			name = Products;
			sourceTree = "<group>";
		};
		6BEE24601EEE68AC00908BEE /* AnimatedCircle */ = {
			isa = PBXGroup;
			children = (
				6BEE24611EEE68AC00908BEE /* AppDelegate.swift */,
				6BEE24631EEE68AC00908BEE /* ViewController.swift */,
				6BEE24651EEE68AC00908BEE /* Main.storyboard */,
				6BEE24681EEE68AC00908BEE /* Assets.xcassets */,
				6BEE246A1EEE68AC00908BEE /* LaunchScreen.storyboard */,
				6BEE246D1EEE68AC00908BEE /* Info.plist */,
			);
			path = AnimatedCircle;
			sourceTree = "<group>";
		};
/* End PBXGroup section */

/* Begin PBXNativeTarget section */
		6BEE245D1EEE68AC00908BEE /* AnimatedCircle */ = {
			isa = PBXNativeTarget;
			buildConfigurationList = 6BEE24701EEE68AC00908BEE /* Build configuration list for PBXNativeTarget "AnimatedCircle" */;
			buildPhases = (
				6BEE245A1EEE68AC00908BEE /* Sources */,
				6BEE245B1EEE68AC00908BEE /* Frameworks */,
				6BEE245C1EEE68AC00908BEE /* Resources */,
			);
			buildRules = (
			);
			dependencies = (
			);
			name = AnimatedCircle;
			productName = AnimatedCircle;
			productReference = 6BEE245E1EEE68AC00908BEE /* AnimatedCircle.app */;
			productType = "com.apple.product-type.application";
		};
/* End PBXNativeTarget section */

/* Begin PBXProject section */
		6BEE24561EEE68AC00908BEE /* Project object */ = {
			isa = PBXProject;
			attributes = {
				LastSwiftUpdateCheck = 0900;
				LastUpgradeCheck = 0900;
				ORGANIZATIONNAME = "KoKang Chu";
				TargetAttributes = {
					6BEE245D1EEE68AC00908BEE = {
						CreatedOnToolsVersion = 9.0;
					};
				};
			};
			buildConfigurationList = 6BEE24591EEE68AC00908BEE /* Build configuration list for PBXProject "AnimatedCircle" */;
			compatibilityVersion = "Xcode 8.0";
			developmentRegion = en;
			hasScannedForEncodings = 0;
			knownRegions = (
				en,
				Base,
			);
			mainGroup = 6BEE24551EEE68AC00908BEE;
			productRefGroup = 6BEE245F1EEE68AC00908BEE /* Products */;
			projectDirPath = "";
			projectRoot = "";
			targets = (
				6BEE245D1EEE68AC00908BEE /* AnimatedCircle */,
			);
		};
/* End PBXProject section */

/* Begin PBXResourcesBuildPhase section */
		6BEE245C1EEE68AC00908BEE /* Resources */ = {
			isa = PBXResourcesBuildPhase;
			buildActionMask = 2147483647;
			files = (
				6BEE246C1EEE68AC00908BEE /* LaunchScreen.storyboard in Resources */,
				6BEE24691EEE68AC00908BEE /* Assets.xcassets in Resources */,
				6BEE24671EEE68AC00908BEE /* Main.storyboard in Resources */,
			);
			runOnlyForDeploymentPostprocessing = 0;
		};
/* End PBXResourcesBuildPhase section */

/* Begin PBXSourcesBuildPhase section */
		6BEE245A1EEE68AC00908BEE /* Sources */ = {
			isa = PBXSourcesBuildPhase;
			buildActionMask = 2147483647;
			files = (
				6BEE24641EEE68AC00908BEE /* ViewController.swift in Sources */,
				6BEE24621EEE68AC00908BEE /* AppDelegate.swift in Sources */,
			);
			runOnlyForDeploymentPostprocessing = 0;
		};
/* End PBXSourcesBuildPhase section */

/* Begin PBXVariantGroup section */
		6BEE24651EEE68AC00908BEE /* Main.storyboard */ = {
			isa = PBXVariantGroup;
			children = (
				6BEE24661EEE68AC00908BEE /* Base */,
			);
			name = Main.storyboard;
			sourceTree = "<group>";
		};
		6BEE246A1EEE68AC00908BEE /* LaunchScreen.storyboard */ = {
			isa = PBXVariantGroup;
			children = (
				6BEE246B1EEE68AC00908BEE /* Base */,
			);
			name = LaunchScreen.storyboard;
			sourceTree = "<group>";
		};
/* End PBXVariantGroup section */

/* Begin XCBuildConfiguration section */
		6BEE246E1EEE68AC00908BEE /* Debug */ = {
			isa = XCBuildConfiguration;
			buildSettings = {
				ALWAYS_SEARCH_USER_PATHS = NO;
				CLANG_ANALYZER_NONNULL = YES;
				CLANG_ANALYZER_NUMBER_OBJECT_CONVERSION = YES_AGGRESSIVE;
				CLANG_CXX_LANGUAGE_STANDARD = "gnu++14";
				CLANG_CXX_LIBRARY = "libc++";
				CLANG_ENABLE_MODULES = YES;
				CLANG_ENABLE_OBJC_ARC = YES;
				CLANG_WARN_BLOCK_CAPTURE_AUTORELEASING = YES;
				CLANG_WARN_BOOL_CONVERSION = YES;
				CLANG_WARN_COMMA = YES;
				CLANG_WARN_CONSTANT_CONVERSION = YES;
				CLANG_WARN_DIRECT_OBJC_ISA_USAGE = YES_ERROR;
				CLANG_WARN_DOCUMENTATION_COMMENTS = YES;
				CLANG_WARN_EMPTY_BODY = YES;
				CLANG_WARN_ENUM_CONVERSION = YES;
				CLANG_WARN_INFINITE_RECURSION = YES;
				CLANG_WARN_INT_CONVERSION = YES;
				CLANG_WARN_OBJC_ROOT_CLASS = YES_ERROR;
				CLANG_WARN_RANGE_LOOP_ANALYSIS = YES;
				CLANG_WARN_STRICT_PROTOTYPES = YES;
				CLANG_WARN_SUSPICIOUS_MOVE = YES;
				CLANG_WARN_UNGUARDED_AVAILABILITY = YES_AGGRESSIVE;
				CLANG_WARN_UNREACHABLE_CODE = YES;
				CLANG_WARN__DUPLICATE_METHOD_MATCH = YES;
				CODE_SIGN_IDENTITY = "iPhone Developer";
				COPY_PHASE_STRIP = NO;
				DEBUG_INFORMATION_FORMAT = dwarf;
				ENABLE_STRICT_OBJC_MSGSEND = YES;
				ENABLE_TESTABILITY = YES;
				GCC_C_LANGUAGE_STANDARD = gnu11;
				GCC_DYNAMIC_NO_PIC = NO;
				GCC_NO_COMMON_BLOCKS = YES;
				GCC_OPTIMIZATION_LEVEL = 0;
				GCC_PREPROCESSOR_DEFINITIONS = (
					"DEBUG=1",
					"$(inherited)",
				);
				GCC_WARN_64_TO_32_BIT_CONVERSION = YES;
				GCC_WARN_ABOUT_RETURN_TYPE = YES_ERROR;
				GCC_WARN_UNDECLARED_SELECTOR = YES;
				GCC_WARN_UNINITIALIZED_AUTOS = YES_AGGRESSIVE;
				GCC_WARN_UNUSED_FUNCTION = YES;
				GCC_WARN_UNUSED_VARIABLE = YES;
				IPHONEOS_DEPLOYMENT_TARGET = 11.0;
				MTL_ENABLE_DEBUG_INFO = YES;
				ONLY_ACTIVE_ARCH = YES;
				SDKROOT = iphoneos;
				SWIFT_ACTIVE_COMPILATION_CONDITIONS = DEBUG;
				SWIFT_OPTIMIZATION_LEVEL = "-Onone";
			};
			name = Debug;
		};
		6BEE246F1EEE68AC00908BEE /* Release */ = {
			isa = XCBuildConfiguration;
			buildSettings = {
				ALWAYS_SEARCH_USER_PATHS = NO;
				CLANG_ANALYZER_NONNULL = YES;
				CLANG_ANALYZER_NUMBER_OBJECT_CONVERSION = YES_AGGRESSIVE;
				CLANG_CXX_LANGUAGE_STANDARD = "gnu++14";
				CLANG_CXX_LIBRARY = "libc++";
				CLANG_ENABLE_MODULES = YES;
				CLANG_ENABLE_OBJC_ARC = YES;
				CLANG_WARN_BLOCK_CAPTURE_AUTORELEASING = YES;
				CLANG_WARN_BOOL_CONVERSION = YES;
				CLANG_WARN_COMMA = YES;
				CLANG_WARN_CONSTANT_CONVERSION = YES;
				CLANG_WARN_DIRECT_OBJC_ISA_USAGE = YES_ERROR;
				CLANG_WARN_DOCUMENTATION_COMMENTS = YES;
				CLANG_WARN_EMPTY_BODY = YES;
				CLANG_WARN_ENUM_CONVERSION = YES;
				CLANG_WARN_INFINITE_RECURSION = YES;
				CLANG_WARN_INT_CONVERSION = YES;
				CLANG_WARN_OBJC_ROOT_CLASS = YES_ERROR;
				CLANG_WARN_RANGE_LOOP_ANALYSIS = YES;
				CLANG_WARN_STRICT_PROTOTYPES = YES;
				CLANG_WARN_SUSPICIOUS_MOVE = YES;
				CLANG_WARN_UNGUARDED_AVAILABILITY = YES_AGGRESSIVE;
				CLANG_WARN_UNREACHABLE_CODE = YES;
				CLANG_WARN__DUPLICATE_METHOD_MATCH = YES;
				CODE_SIGN_IDENTITY = "iPhone Developer";
				COPY_PHASE_STRIP = NO;
				DEBUG_INFORMATION_FORMAT = "dwarf-with-dsym";
				ENABLE_NS_ASSERTIONS = NO;
				ENABLE_STRICT_OBJC_MSGSEND = YES;
				GCC_C_LANGUAGE_STANDARD = gnu11;
				GCC_NO_COMMON_BLOCKS = YES;
				GCC_WARN_64_TO_32_BIT_CONVERSION = YES;
				GCC_WARN_ABOUT_RETURN_TYPE = YES_ERROR;
				GCC_WARN_UNDECLARED_SELECTOR = YES;
				GCC_WARN_UNINITIALIZED_AUTOS = YES_AGGRESSIVE;
				GCC_WARN_UNUSED_FUNCTION = YES;
				GCC_WARN_UNUSED_VARIABLE = YES;
				IPHONEOS_DEPLOYMENT_TARGET = 11.0;
				MTL_ENABLE_DEBUG_INFO = NO;
				SDKROOT = iphoneos;
				SWIFT_OPTIMIZATION_LEVEL = "-Owholemodule";
				VALIDATE_PRODUCT = YES;
			};
			name = Release;
		};
		6BEE24711EEE68AC00908BEE /* Debug */ = {
			isa = XCBuildConfiguration;
			buildSettings = {
				ASSETCATALOG_COMPILER_APPICON_NAME = AppIcon;
				DEVELOPMENT_TEAM = 8G85EE7C35;
				INFOPLIST_FILE = AnimatedCircle/Info.plist;
				LD_RUNPATH_SEARCH_PATHS = "$(inherited) @executable_path/Frameworks";
				PRODUCT_BUNDLE_IDENTIFIER = book.ckk.AnimatedCircle;
				PRODUCT_NAME = "$(TARGET_NAME)";
				SWIFT_VERSION = 4.0;
				TARGETED_DEVICE_FAMILY = "1,2";
			};
			name = Debug;
		};
		6BEE24721EEE68AC00908BEE /* Release */ = {
			isa = XCBuildConfiguration;
			buildSettings = {
				ASSETCATALOG_COMPILER_APPICON_NAME = AppIcon;
				DEVELOPMENT_TEAM = 8G85EE7C35;
				INFOPLIST_FILE = AnimatedCircle/Info.plist;
				LD_RUNPATH_SEARCH_PATHS = "$(inherited) @executable_path/Frameworks";
				PRODUCT_BUNDLE_IDENTIFIER = book.ckk.AnimatedCircle;
				PRODUCT_NAME = "$(TARGET_NAME)";
				SWIFT_VERSION = 4.0;
				TARGETED_DEVICE_FAMILY = "1,2";
			};
			name = Release;
		};
/* End XCBuildConfiguration section */

/* Begin XCConfigurationList section */
		6BEE24591EEE68AC00908BEE /* Build configuration list for PBXProject "AnimatedCircle" */ = {
			isa = XCConfigurationList;
			buildConfigurations = (
				6BEE246E1EEE68AC00908BEE /* Debug */,
				6BEE246F1EEE68AC00908BEE /* Release */,
			);
			defaultConfigurationIsVisible = 0;
			defaultConfigurationName = Release;
		};
		6BEE24701EEE68AC00908BEE /* Build configuration list for PBXNativeTarget "AnimatedCircle" */ = {
			isa = XCConfigurationList;
			buildConfigurations = (
				6BEE24711EEE68AC00908BEE /* Debug */,
				6BEE24721EEE68AC00908BEE /* Release */,
			);
			defaultConfigurationIsVisible = 0;
		};
/* End XCConfigurationList section */
	};
	rootObject = 6BEE24561EEE68AC00908BEE /* Project object */;
}
