// !$*UTF8*$!
{
	archiveVersion = 1;
	classes = {
	};
	objectVersion = 48;
	objects = {

/* Begin PBXBuildFile section */
		6BEE24441EEE517300908BEE /* AppDelegate.swift in Sources */ = {isa = PBXBuildFile; fileRef = 6BEE24431EEE517300908BEE /* AppDelegate.swift */; };
		6BEE24461EEE517300908BEE /* ViewController.swift in Sources */ = {isa = PBXBuildFile; fileRef = 6BEE24451EEE517300908BEE /* ViewController.swift */; };
		6BEE24491EEE517300908BEE /* Main.storyboard in Resources */ = {isa = PBXBuildFile; fileRef = 6BEE24471EEE517300908BEE /* Main.storyboard */; };
		6BEE244B1EEE517300908BEE /* Assets.xcassets in Resources */ = {isa = PBXBuildFile; fileRef = 6BEE244A1EEE517300908BEE /* Assets.xcassets */; };
		6BEE244E1EEE517300908BEE /* LaunchScreen.storyboard in Resources */ = {isa = PBXBuildFile; fileRef = 6BEE244C1EEE517300908BEE /* LaunchScreen.storyboard */; };
/* End PBXBuildFile section */

/* Begin PBXFileReference section */
		6BEE24401EEE517300908BEE /* GradientLayer.app */ = {isa = PBXFileReference; explicitFileType = wrapper.application; includeInIndex = 0; path = GradientLayer.app; sourceTree = BUILT_PRODUCTS_DIR; };
		6BEE24431EEE517300908BEE /* AppDelegate.swift */ = {isa = PBXFileReference; lastKnownFileType = sourcecode.swift; path = AppDelegate.swift; sourceTree = "<group>"; };
		6BEE24451EEE517300908BEE /* ViewController.swift */ = {isa = PBXFileReference; lastKnownFileType = sourcecode.swift; path = ViewController.swift; sourceTree = "<group>"; };
		6BEE24481EEE517300908BEE /* Base */ = {isa = PBXFileReference; lastKnownFileType = file.storyboard; name = Base; path = Base.lproj/Main.storyboard; sourceTree = "<group>"; };
		6BEE244A1EEE517300908BEE /* Assets.xcassets */ = {isa = PBXFileReference; lastKnownFileType = folder.assetcatalog; path = Assets.xcassets; sourceTree = "<group>"; };
		6BEE244D1EEE517300908BEE /* Base */ = {isa = PBXFileReference; lastKnownFileType = file.storyboard; name = Base; path = Base.lproj/LaunchScreen.storyboard; sourceTree = "<group>"; };
		6BEE244F1EEE517300908BEE /* Info.plist */ = {isa = PBXFileReference; lastKnownFileType = text.plist.xml; path = Info.plist; sourceTree = "<group>"; };
/* End PBXFileReference section */

/* Begin PBXFrameworksBuildPhase section */
		6BEE243D1EEE517300908BEE /* Frameworks */ = {
			isa = PBXFrameworksBuildPhase;
			buildActionMask = 2147483647;
			files = (
			);
			runOnlyForDeploymentPostprocessing = 0;
		};
/* End PBXFrameworksBuildPhase section */

/* Begin PBXGroup section */
		6BEE24371EEE517300908BEE = {
			isa = PBXGroup;
			children = (
				6BEE24421EEE517300908BEE /* GradientLayer */,
				6BEE24411EEE517300908BEE /* Products */,
			);
			sourceTree = "<group>";
		};
		6BEE24411EEE517300908BEE /* Products */ = {
			isa = PBXGroup;
			children = (
				6BEE24401EEE517300908BEE /* GradientLayer.app */,
			);
			name = Products;
			sourceTree = "<group>";
		};
		6BEE24421EEE517300908BEE /* GradientLayer */ = {
			isa = PBXGroup;
			children = (
				6BEE24431EEE517300908BEE /* AppDelegate.swift */,
				6BEE24451EEE517300908BEE /* ViewController.swift */,
				6BEE24471EEE517300908BEE /* Main.storyboard */,
				6BEE244A1EEE517300908BEE /* Assets.xcassets */,
				6BEE244C1EEE517300908BEE /* LaunchScreen.storyboard */,
				6BEE244F1EEE517300908BEE /* Info.plist */,
			);
			path = GradientLayer;
			sourceTree = "<group>";
		};
/* End PBXGroup section */

/* Begin PBXNativeTarget section */
		6BEE243F1EEE517300908BEE /* GradientLayer */ = {
			isa = PBXNativeTarget;
			buildConfigurationList = 6BEE24521EEE517300908BEE /* Build configuration list for PBXNativeTarget "GradientLayer" */;
			buildPhases = (
				6BEE243C1EEE517300908BEE /* Sources */,
				6BEE243D1EEE517300908BEE /* Frameworks */,
				6BEE243E1EEE517300908BEE /* Resources */,
			);
			buildRules = (
			);
			dependencies = (
			);
			name = GradientLayer;
			productName = GradientLayer;
			productReference = 6BEE24401EEE517300908BEE /* GradientLayer.app */;
			productType = "com.apple.product-type.application";
		};
/* End PBXNativeTarget section */

/* Begin PBXProject section */
		6BEE24381EEE517300908BEE /* Project object */ = {
			isa = PBXProject;
			attributes = {
				LastSwiftUpdateCheck = 0900;
				LastUpgradeCheck = 0900;
				ORGANIZATIONNAME = "KoKang Chu";
				TargetAttributes = {
					6BEE243F1EEE517300908BEE = {
						CreatedOnToolsVersion = 9.0;
					};
				};
			};
			buildConfigurationList = 6BEE243B1EEE517300908BEE /* Build configuration list for PBXProject "GradientLayer" */;
			compatibilityVersion = "Xcode 8.0";
			developmentRegion = en;
			hasScannedForEncodings = 0;
			knownRegions = (
				en,
				Base,
			);
			mainGroup = 6BEE24371EEE517300908BEE;
			productRefGroup = 6BEE24411EEE517300908BEE /* Products */;
			projectDirPath = "";
			projectRoot = "";
			targets = (
				6BEE243F1EEE517300908BEE /* GradientLayer */,
			);
		};
/* End PBXProject section */

/* Begin PBXResourcesBuildPhase section */
		6BEE243E1EEE517300908BEE /* Resources */ = {
			isa = PBXResourcesBuildPhase;
			buildActionMask = 2147483647;
			files = (
				6BEE244E1EEE517300908BEE /* LaunchScreen.storyboard in Resources */,
				6BEE244B1EEE517300908BEE /* Assets.xcassets in Resources */,
				6BEE24491EEE517300908BEE /* Main.storyboard in Resources */,
			);
			runOnlyForDeploymentPostprocessing = 0;
		};
/* End PBXResourcesBuildPhase section */

/* Begin PBXSourcesBuildPhase section */
		6BEE243C1EEE517300908BEE /* Sources */ = {
			isa = PBXSourcesBuildPhase;
			buildActionMask = 2147483647;
			files = (
				6BEE24461EEE517300908BEE /* ViewController.swift in Sources */,
				6BEE24441EEE517300908BEE /* AppDelegate.swift in Sources */,
			);
			runOnlyForDeploymentPostprocessing = 0;
		};
/* End PBXSourcesBuildPhase section */

/* Begin PBXVariantGroup section */
		6BEE24471EEE517300908BEE /* Main.storyboard */ = {
			isa = PBXVariantGroup;
			children = (
				6BEE24481EEE517300908BEE /* Base */,
			);
			name = Main.storyboard;
			sourceTree = "<group>";
		};
		6BEE244C1EEE517300908BEE /* LaunchScreen.storyboard */ = {
			isa = PBXVariantGroup;
			children = (
				6BEE244D1EEE517300908BEE /* Base */,
			);
			name = LaunchScreen.storyboard;
			sourceTree = "<group>";
		};
/* End PBXVariantGroup section */

/* Begin XCBuildConfiguration section */
		6BEE24501EEE517300908BEE /* Debug */ = {
			isa = XCBuildConfiguration;
			buildSettings = {
				ALWAYS_SEARCH_USER_PATHS = NO;
				CLANG_ANALYZER_NONNULL = YES;
				CLANG_ANALYZER_NUMBER_OBJECT_CONVERSION = YES_AGGRESSIVE;
				CLANG_CXX_LANGUAGE_STANDARD = "gnu++14";
				CLANG_CXX_LIBRARY = "libc++";
				CLANG_ENABLE_MODULES = YES;
				CLANG_ENABLE_OBJC_ARC = YES;
				CLANG_WARN_BLOCK_CAPTURE_AUTORELEASING = YES;
				CLANG_WARN_BOOL_CONVERSION = YES;
				CLANG_WARN_COMMA = YES;
				CLANG_WARN_CONSTANT_CONVERSION = YES;
				CLANG_WARN_DIRECT_OBJC_ISA_USAGE = YES_ERROR;
				CLANG_WARN_DOCUMENTATION_COMMENTS = YES;
				CLANG_WARN_EMPTY_BODY = YES;
				CLANG_WARN_ENUM_CONVERSION = YES;
				CLANG_WARN_INFINITE_RECURSION = YES;
				CLANG_WARN_INT_CONVERSION = YES;
				CLANG_WARN_OBJC_ROOT_CLASS = YES_ERROR;
				CLANG_WARN_RANGE_LOOP_ANALYSIS = YES;
				CLANG_WARN_STRICT_PROTOTYPES = YES;
				CLANG_WARN_SUSPICIOUS_MOVE = YES;
				CLANG_WARN_UNGUARDED_AVAILABILITY = YES_AGGRESSIVE;
				CLANG_WARN_UNREACHABLE_CODE = YES;
				CLANG_WARN__DUPLICATE_METHOD_MATCH = YES;
				CODE_SIGN_IDENTITY = "iPhone Developer";
				COPY_PHASE_STRIP = NO;
				DEBUG_INFORMATION_FORMAT = dwarf;
				ENABLE_STRICT_OBJC_MSGSEND = YES;
				ENABLE_TESTABILITY = YES;
				GCC_C_LANGUAGE_STANDARD = gnu11;
				GCC_DYNAMIC_NO_PIC = NO;
				GCC_NO_COMMON_BLOCKS = YES;
				GCC_OPTIMIZATION_LEVEL = 0;
				GCC_PREPROCESSOR_DEFINITIONS = (
					"DEBUG=1",
					"$(inherited)",
				);
				GCC_WARN_64_TO_32_BIT_CONVERSION = YES;
				GCC_WARN_ABOUT_RETURN_TYPE = YES_ERROR;
				GCC_WARN_UNDECLARED_SELECTOR = YES;
				GCC_WARN_UNINITIALIZED_AUTOS = YES_AGGRESSIVE;
				GCC_WARN_UNUSED_FUNCTION = YES;
				GCC_WARN_UNUSED_VARIABLE = YES;
				IPHONEOS_DEPLOYMENT_TARGET = 11.0;
				MTL_ENABLE_DEBUG_INFO = YES;
				ONLY_ACTIVE_ARCH = YES;
				SDKROOT = iphoneos;
				SWIFT_ACTIVE_COMPILATION_CONDITIONS = DEBUG;
				SWIFT_OPTIMIZATION_LEVEL = "-Onone";
			};
			name = Debug;
		};
		6BEE24511EEE517300908BEE /* Release */ = {
			isa = XCBuildConfiguration;
			buildSettings = {
				ALWAYS_SEARCH_USER_PATHS = NO;
				CLANG_ANALYZER_NONNULL = YES;
				CLANG_ANALYZER_NUMBER_OBJECT_CONVERSION = YES_AGGRESSIVE;
				CLANG_CXX_LANGUAGE_STANDARD = "gnu++14";
				CLANG_CXX_LIBRARY = "libc++";
				CLANG_ENABLE_MODULES = YES;
				CLANG_ENABLE_OBJC_ARC = YES;
				CLANG_WARN_BLOCK_CAPTURE_AUTORELEASING = YES;
				CLANG_WARN_BOOL_CONVERSION = YES;
				CLANG_WARN_COMMA = YES;
				CLANG_WARN_CONSTANT_CONVERSION = YES;
				CLANG_WARN_DIRECT_OBJC_ISA_USAGE = YES_ERROR;
				CLANG_WARN_DOCUMENTATION_COMMENTS = YES;
				CLANG_WARN_EMPTY_BODY = YES;
				CLANG_WARN_ENUM_CONVERSION = YES;
				CLANG_WARN_INFINITE_RECURSION = YES;
				CLANG_WARN_INT_CONVERSION = YES;
				CLANG_WARN_OBJC_ROOT_CLASS = YES_ERROR;
				CLANG_WARN_RANGE_LOOP_ANALYSIS = YES;
				CLANG_WARN_STRICT_PROTOTYPES = YES;
				CLANG_WARN_SUSPICIOUS_MOVE = YES;
				CLANG_WARN_UNGUARDED_AVAILABILITY = YES_AGGRESSIVE;
				CLANG_WARN_UNREACHABLE_CODE = YES;
				CLANG_WARN__DUPLICATE_METHOD_MATCH = YES;
				CODE_SIGN_IDENTITY = "iPhone Developer";
				COPY_PHASE_STRIP = NO;
				DEBUG_INFORMATION_FORMAT = "dwarf-with-dsym";
				ENABLE_NS_ASSERTIONS = NO;
				ENABLE_STRICT_OBJC_MSGSEND = YES;
				GCC_C_LANGUAGE_STANDARD = gnu11;
				GCC_NO_COMMON_BLOCKS = YES;
				GCC_WARN_64_TO_32_BIT_CONVERSION = YES;
				GCC_WARN_ABOUT_RETURN_TYPE = YES_ERROR;
				GCC_WARN_UNDECLARED_SELECTOR = YES;
				GCC_WARN_UNINITIALIZED_AUTOS = YES_AGGRESSIVE;
				GCC_WARN_UNUSED_FUNCTION = YES;
				GCC_WARN_UNUSED_VARIABLE = YES;
				IPHONEOS_DEPLOYMENT_TARGET = 11.0;
				MTL_ENABLE_DEBUG_INFO = NO;
				SDKROOT = iphoneos;
				SWIFT_OPTIMIZATION_LEVEL = "-Owholemodule";
				VALIDATE_PRODUCT = YES;
			};
			name = Release;
		};
		6BEE24531EEE517300908BEE /* Debug */ = {
			isa = XCBuildConfiguration;
			buildSettings = {
				ASSETCATALOG_COMPILER_APPICON_NAME = AppIcon;
				DEVELOPMENT_TEAM = 8G85EE7C35;
				INFOPLIST_FILE = GradientLayer/Info.plist;
				LD_RUNPATH_SEARCH_PATHS = "$(inherited) @executable_path/Frameworks";
				PRODUCT_BUNDLE_IDENTIFIER = book.ckk.GradientLayer;
				PRODUCT_NAME = "$(TARGET_NAME)";
				SWIFT_VERSION = 4.0;
				TARGETED_DEVICE_FAMILY = "1,2";
			};
			name = Debug;
		};
		6BEE24541EEE517300908BEE /* Release */ = {
			isa = XCBuildConfiguration;
			buildSettings = {
				ASSETCATALOG_COMPILER_APPICON_NAME = AppIcon;
				DEVELOPMENT_TEAM = 8G85EE7C35;
				INFOPLIST_FILE = GradientLayer/Info.plist;
				LD_RUNPATH_SEARCH_PATHS = "$(inherited) @executable_path/Frameworks";
				PRODUCT_BUNDLE_IDENTIFIER = book.ckk.GradientLayer;
				PRODUCT_NAME = "$(TARGET_NAME)";
				SWIFT_VERSION = 4.0;
				TARGETED_DEVICE_FAMILY = "1,2";
			};
			name = Release;
		};
/* End XCBuildConfiguration section */

/* Begin XCConfigurationList section */
		6BEE243B1EEE517300908BEE /* Build configuration list for PBXProject "GradientLayer" */ = {
			isa = XCConfigurationList;
			buildConfigurations = (
				6BEE24501EEE517300908BEE /* Debug */,
				6BEE24511EEE517300908BEE /* Release */,
			);
			defaultConfigurationIsVisible = 0;
			defaultConfigurationName = Release;
		};
		6BEE24521EEE517300908BEE /* Build configuration list for PBXNativeTarget "GradientLayer" */ = {
			isa = XCConfigurationList;
			buildConfigurations = (
				6BEE24531EEE517300908BEE /* Debug */,
				6BEE24541EEE517300908BEE /* Release */,
			);
			defaultConfigurationIsVisible = 0;
		};
/* End XCConfigurationList section */
	};
	rootObject = 6BEE24381EEE517300908BEE /* Project object */;
}
