// !$*UTF8*$!
{
	archiveVersion = 1;
	classes = {
	};
	objectVersion = 46;
	objects = {

/* Begin PBXBuildFile section */
		6B257E021D31346C004AAAD0 /* AppDelegate.swift in Sources */ = {isa = PBXBuildFile; fileRef = 6B257E011D31346C004AAAD0 /* AppDelegate.swift */; };
		6B257E041D31346C004AAAD0 /* ViewController.swift in Sources */ = {isa = PBXBuildFile; fileRef = 6B257E031D31346C004AAAD0 /* ViewController.swift */; };
		6B257E071D31346C004AAAD0 /* Main.storyboard in Resources */ = {isa = PBXBuildFile; fileRef = 6B257E051D31346C004AAAD0 /* Main.storyboard */; };
		6B257E091D31346C004AAAD0 /* Assets.xcassets in Resources */ = {isa = PBXBuildFile; fileRef = 6B257E081D31346C004AAAD0 /* Assets.xcassets */; };
		6B257E0C1D31346C004AAAD0 /* LaunchScreen.storyboard in Resources */ = {isa = PBXBuildFile; fileRef = 6B257E0A1D31346C004AAAD0 /* LaunchScreen.storyboard */; };
		6B257E171D31346C004AAAD0 /* OverlayTests.swift in Sources */ = {isa = PBXBuildFile; fileRef = 6B257E161D31346C004AAAD0 /* OverlayTests.swift */; };
		6B257E221D31346C004AAAD0 /* OverlayUITests.swift in Sources */ = {isa = PBXBuildFile; fileRef = 6B257E211D31346C004AAAD0 /* OverlayUITests.swift */; };
/* End PBXBuildFile section */

/* Begin PBXContainerItemProxy section */
		6B257E131D31346C004AAAD0 /* PBXContainerItemProxy */ = {
			isa = PBXContainerItemProxy;
			containerPortal = 6B257DF61D31346C004AAAD0 /* Project object */;
			proxyType = 1;
			remoteGlobalIDString = 6B257DFD1D31346C004AAAD0;
			remoteInfo = Overlay;
		};
		6B257E1E1D31346C004AAAD0 /* PBXContainerItemProxy */ = {
			isa = PBXContainerItemProxy;
			containerPortal = 6B257DF61D31346C004AAAD0 /* Project object */;
			proxyType = 1;
			remoteGlobalIDString = 6B257DFD1D31346C004AAAD0;
			remoteInfo = Overlay;
		};
/* End PBXContainerItemProxy section */

/* Begin PBXFileReference section */
		6B257DFE1D31346C004AAAD0 /* Overlay.app */ = {isa = PBXFileReference; explicitFileType = wrapper.application; includeInIndex = 0; path = Overlay.app; sourceTree = BUILT_PRODUCTS_DIR; };
		6B257E011D31346C004AAAD0 /* AppDelegate.swift */ = {isa = PBXFileReference; lastKnownFileType = sourcecode.swift; path = AppDelegate.swift; sourceTree = "<group>"; };
		6B257E031D31346C004AAAD0 /* ViewController.swift */ = {isa = PBXFileReference; lastKnownFileType = sourcecode.swift; path = ViewController.swift; sourceTree = "<group>"; };
		6B257E061D31346C004AAAD0 /* Base */ = {isa = PBXFileReference; lastKnownFileType = file.storyboard; name = Base; path = Base.lproj/Main.storyboard; sourceTree = "<group>"; };
		6B257E081D31346C004AAAD0 /* Assets.xcassets */ = {isa = PBXFileReference; lastKnownFileType = folder.assetcatalog; path = Assets.xcassets; sourceTree = "<group>"; };
		6B257E0B1D31346C004AAAD0 /* Base */ = {isa = PBXFileReference; lastKnownFileType = file.storyboard; name = Base; path = Base.lproj/LaunchScreen.storyboard; sourceTree = "<group>"; };
		6B257E0D1D31346C004AAAD0 /* Info.plist */ = {isa = PBXFileReference; lastKnownFileType = text.plist.xml; path = Info.plist; sourceTree = "<group>"; };
		6B257E121D31346C004AAAD0 /* OverlayTests.xctest */ = {isa = PBXFileReference; explicitFileType = wrapper.cfbundle; includeInIndex = 0; path = OverlayTests.xctest; sourceTree = BUILT_PRODUCTS_DIR; };
		6B257E161D31346C004AAAD0 /* OverlayTests.swift */ = {isa = PBXFileReference; lastKnownFileType = sourcecode.swift; path = OverlayTests.swift; sourceTree = "<group>"; };
		6B257E181D31346C004AAAD0 /* Info.plist */ = {isa = PBXFileReference; lastKnownFileType = text.plist.xml; path = Info.plist; sourceTree = "<group>"; };
		6B257E1D1D31346C004AAAD0 /* OverlayUITests.xctest */ = {isa = PBXFileReference; explicitFileType = wrapper.cfbundle; includeInIndex = 0; path = OverlayUITests.xctest; sourceTree = BUILT_PRODUCTS_DIR; };
		6B257E211D31346C004AAAD0 /* OverlayUITests.swift */ = {isa = PBXFileReference; lastKnownFileType = sourcecode.swift; path = OverlayUITests.swift; sourceTree = "<group>"; };
		6B257E231D31346C004AAAD0 /* Info.plist */ = {isa = PBXFileReference; lastKnownFileType = text.plist.xml; path = Info.plist; sourceTree = "<group>"; };
/* End PBXFileReference section */

/* Begin PBXFrameworksBuildPhase section */
		6B257DFB1D31346C004AAAD0 /* Frameworks */ = {
			isa = PBXFrameworksBuildPhase;
			buildActionMask = 2147483647;
			files = (
			);
			runOnlyForDeploymentPostprocessing = 0;
		};
		6B257E0F1D31346C004AAAD0 /* Frameworks */ = {
			isa = PBXFrameworksBuildPhase;
			buildActionMask = 2147483647;
			files = (
			);
			runOnlyForDeploymentPostprocessing = 0;
		};
		6B257E1A1D31346C004AAAD0 /* Frameworks */ = {
			isa = PBXFrameworksBuildPhase;
			buildActionMask = 2147483647;
			files = (
			);
			runOnlyForDeploymentPostprocessing = 0;
		};
/* End PBXFrameworksBuildPhase section */

/* Begin PBXGroup section */
		6B257DF51D31346C004AAAD0 = {
			isa = PBXGroup;
			children = (
				6B257E001D31346C004AAAD0 /* Overlay */,
				6B257E151D31346C004AAAD0 /* OverlayTests */,
				6B257E201D31346C004AAAD0 /* OverlayUITests */,
				6B257DFF1D31346C004AAAD0 /* Products */,
			);
			sourceTree = "<group>";
		};
		6B257DFF1D31346C004AAAD0 /* Products */ = {
			isa = PBXGroup;
			children = (
				6B257DFE1D31346C004AAAD0 /* Overlay.app */,
				6B257E121D31346C004AAAD0 /* OverlayTests.xctest */,
				6B257E1D1D31346C004AAAD0 /* OverlayUITests.xctest */,
			);
			name = Products;
			sourceTree = "<group>";
		};
		6B257E001D31346C004AAAD0 /* Overlay */ = {
			isa = PBXGroup;
			children = (
				6B257E011D31346C004AAAD0 /* AppDelegate.swift */,
				6B257E031D31346C004AAAD0 /* ViewController.swift */,
				6B257E051D31346C004AAAD0 /* Main.storyboard */,
				6B257E081D31346C004AAAD0 /* Assets.xcassets */,
				6B257E0A1D31346C004AAAD0 /* LaunchScreen.storyboard */,
				6B257E0D1D31346C004AAAD0 /* Info.plist */,
			);
			path = Overlay;
			sourceTree = "<group>";
		};
		6B257E151D31346C004AAAD0 /* OverlayTests */ = {
			isa = PBXGroup;
			children = (
				6B257E161D31346C004AAAD0 /* OverlayTests.swift */,
				6B257E181D31346C004AAAD0 /* Info.plist */,
			);
			path = OverlayTests;
			sourceTree = "<group>";
		};
		6B257E201D31346C004AAAD0 /* OverlayUITests */ = {
			isa = PBXGroup;
			children = (
				6B257E211D31346C004AAAD0 /* OverlayUITests.swift */,
				6B257E231D31346C004AAAD0 /* Info.plist */,
			);
			path = OverlayUITests;
			sourceTree = "<group>";
		};
/* End PBXGroup section */

/* Begin PBXNativeTarget section */
		6B257DFD1D31346C004AAAD0 /* Overlay */ = {
			isa = PBXNativeTarget;
			buildConfigurationList = 6B257E261D31346C004AAAD0 /* Build configuration list for PBXNativeTarget "Overlay" */;
			buildPhases = (
				6B257DFA1D31346C004AAAD0 /* Sources */,
				6B257DFB1D31346C004AAAD0 /* Frameworks */,
				6B257DFC1D31346C004AAAD0 /* Resources */,
			);
			buildRules = (
			);
			dependencies = (
			);
			name = Overlay;
			productName = Overlay;
			productReference = 6B257DFE1D31346C004AAAD0 /* Overlay.app */;
			productType = "com.apple.product-type.application";
		};
		6B257E111D31346C004AAAD0 /* OverlayTests */ = {
			isa = PBXNativeTarget;
			buildConfigurationList = 6B257E291D31346C004AAAD0 /* Build configuration list for PBXNativeTarget "OverlayTests" */;
			buildPhases = (
				6B257E0E1D31346C004AAAD0 /* Sources */,
				6B257E0F1D31346C004AAAD0 /* Frameworks */,
				6B257E101D31346C004AAAD0 /* Resources */,
			);
			buildRules = (
			);
			dependencies = (
				6B257E141D31346C004AAAD0 /* PBXTargetDependency */,
			);
			name = OverlayTests;
			productName = OverlayTests;
			productReference = 6B257E121D31346C004AAAD0 /* OverlayTests.xctest */;
			productType = "com.apple.product-type.bundle.unit-test";
		};
		6B257E1C1D31346C004AAAD0 /* OverlayUITests */ = {
			isa = PBXNativeTarget;
			buildConfigurationList = 6B257E2C1D31346C004AAAD0 /* Build configuration list for PBXNativeTarget "OverlayUITests" */;
			buildPhases = (
				6B257E191D31346C004AAAD0 /* Sources */,
				6B257E1A1D31346C004AAAD0 /* Frameworks */,
				6B257E1B1D31346C004AAAD0 /* Resources */,
			);
			buildRules = (
			);
			dependencies = (
				6B257E1F1D31346C004AAAD0 /* PBXTargetDependency */,
			);
			name = OverlayUITests;
			productName = OverlayUITests;
			productReference = 6B257E1D1D31346C004AAAD0 /* OverlayUITests.xctest */;
			productType = "com.apple.product-type.bundle.ui-testing";
		};
/* End PBXNativeTarget section */

/* Begin PBXProject section */
		6B257DF61D31346C004AAAD0 /* Project object */ = {
			isa = PBXProject;
			attributes = {
				LastSwiftUpdateCheck = 0800;
				LastUpgradeCheck = 0900;
				ORGANIZATIONNAME = ChuKoKang;
				TargetAttributes = {
					6B257DFD1D31346C004AAAD0 = {
						CreatedOnToolsVersion = 8.0;
						DevelopmentTeam = 8G85EE7C35;
						DevelopmentTeamName = "KoKang Chu";
						LastSwiftMigration = 0900;
						ProvisioningStyle = Automatic;
					};
					6B257E111D31346C004AAAD0 = {
						CreatedOnToolsVersion = 8.0;
						DevelopmentTeam = 8G85EE7C35;
						DevelopmentTeamName = "KoKang Chu";
						LastSwiftMigration = 0900;
						ProvisioningStyle = Automatic;
						TestTargetID = 6B257DFD1D31346C004AAAD0;
					};
					6B257E1C1D31346C004AAAD0 = {
						CreatedOnToolsVersion = 8.0;
						DevelopmentTeam = 8G85EE7C35;
						DevelopmentTeamName = "KoKang Chu";
						LastSwiftMigration = 0900;
						ProvisioningStyle = Automatic;
						TestTargetID = 6B257DFD1D31346C004AAAD0;
					};
				};
			};
			buildConfigurationList = 6B257DF91D31346C004AAAD0 /* Build configuration list for PBXProject "Overlay" */;
			compatibilityVersion = "Xcode 3.2";
			developmentRegion = English;
			hasScannedForEncodings = 0;
			knownRegions = (
				en,
				Base,
			);
			mainGroup = 6B257DF51D31346C004AAAD0;
			productRefGroup = 6B257DFF1D31346C004AAAD0 /* Products */;
			projectDirPath = "";
			projectRoot = "";
			targets = (
				6B257DFD1D31346C004AAAD0 /* Overlay */,
				6B257E111D31346C004AAAD0 /* OverlayTests */,
				6B257E1C1D31346C004AAAD0 /* OverlayUITests */,
			);
		};
/* End PBXProject section */

/* Begin PBXResourcesBuildPhase section */
		6B257DFC1D31346C004AAAD0 /* Resources */ = {
			isa = PBXResourcesBuildPhase;
			buildActionMask = 2147483647;
			files = (
				6B257E0C1D31346C004AAAD0 /* LaunchScreen.storyboard in Resources */,
				6B257E091D31346C004AAAD0 /* Assets.xcassets in Resources */,
				6B257E071D31346C004AAAD0 /* Main.storyboard in Resources */,
			);
			runOnlyForDeploymentPostprocessing = 0;
		};
		6B257E101D31346C004AAAD0 /* Resources */ = {
			isa = PBXResourcesBuildPhase;
			buildActionMask = 2147483647;
			files = (
			);
			runOnlyForDeploymentPostprocessing = 0;
		};
		6B257E1B1D31346C004AAAD0 /* Resources */ = {
			isa = PBXResourcesBuildPhase;
			buildActionMask = 2147483647;
			files = (
			);
			runOnlyForDeploymentPostprocessing = 0;
		};
/* End PBXResourcesBuildPhase section */

/* Begin PBXSourcesBuildPhase section */
		6B257DFA1D31346C004AAAD0 /* Sources */ = {
			isa = PBXSourcesBuildPhase;
			buildActionMask = 2147483647;
			files = (
				6B257E041D31346C004AAAD0 /* ViewController.swift in Sources */,
				6B257E021D31346C004AAAD0 /* AppDelegate.swift in Sources */,
			);
			runOnlyForDeploymentPostprocessing = 0;
		};
		6B257E0E1D31346C004AAAD0 /* Sources */ = {
			isa = PBXSourcesBuildPhase;
			buildActionMask = 2147483647;
			files = (
				6B257E171D31346C004AAAD0 /* OverlayTests.swift in Sources */,
			);
			runOnlyForDeploymentPostprocessing = 0;
		};
		6B257E191D31346C004AAAD0 /* Sources */ = {
			isa = PBXSourcesBuildPhase;
			buildActionMask = 2147483647;
			files = (
				6B257E221D31346C004AAAD0 /* OverlayUITests.swift in Sources */,
			);
			runOnlyForDeploymentPostprocessing = 0;
		};
/* End PBXSourcesBuildPhase section */

/* Begin PBXTargetDependency section */
		6B257E141D31346C004AAAD0 /* PBXTargetDependency */ = {
			isa = PBXTargetDependency;
			target = 6B257DFD1D31346C004AAAD0 /* Overlay */;
			targetProxy = 6B257E131D31346C004AAAD0 /* PBXContainerItemProxy */;
		};
		6B257E1F1D31346C004AAAD0 /* PBXTargetDependency */ = {
			isa = PBXTargetDependency;
			target = 6B257DFD1D31346C004AAAD0 /* Overlay */;
			targetProxy = 6B257E1E1D31346C004AAAD0 /* PBXContainerItemProxy */;
		};
/* End PBXTargetDependency section */

/* Begin PBXVariantGroup section */
		6B257E051D31346C004AAAD0 /* Main.storyboard */ = {
			isa = PBXVariantGroup;
			children = (
				6B257E061D31346C004AAAD0 /* Base */,
			);
			name = Main.storyboard;
			sourceTree = "<group>";
		};
		6B257E0A1D31346C004AAAD0 /* LaunchScreen.storyboard */ = {
			isa = PBXVariantGroup;
			children = (
				6B257E0B1D31346C004AAAD0 /* Base */,
			);
			name = LaunchScreen.storyboard;
			sourceTree = "<group>";
		};
/* End PBXVariantGroup section */

/* Begin XCBuildConfiguration section */
		6B257E241D31346C004AAAD0 /* Debug */ = {
			isa = XCBuildConfiguration;
			buildSettings = {
				ALWAYS_SEARCH_USER_PATHS = NO;
				CLANG_ANALYZER_NONNULL = YES;
				CLANG_CXX_LANGUAGE_STANDARD = "gnu++0x";
				CLANG_CXX_LIBRARY = "libc++";
				CLANG_ENABLE_MODULES = YES;
				CLANG_ENABLE_OBJC_ARC = YES;
				CLANG_WARN_BLOCK_CAPTURE_AUTORELEASING = YES;
				CLANG_WARN_BOOL_CONVERSION = YES;
				CLANG_WARN_COMMA = YES;
				CLANG_WARN_CONSTANT_CONVERSION = YES;
				CLANG_WARN_DIRECT_OBJC_ISA_USAGE = YES_ERROR;
				CLANG_WARN_DOCUMENTATION_COMMENTS = YES;
				CLANG_WARN_EMPTY_BODY = YES;
				CLANG_WARN_ENUM_CONVERSION = YES;
				CLANG_WARN_INFINITE_RECURSION = YES;
				CLANG_WARN_INT_CONVERSION = YES;
				CLANG_WARN_NON_LITERAL_NULL_CONVERSION = YES;
				CLANG_WARN_OBJC_LITERAL_CONVERSION = YES;
				CLANG_WARN_OBJC_ROOT_CLASS = YES_ERROR;
				CLANG_WARN_RANGE_LOOP_ANALYSIS = YES;
				CLANG_WARN_STRICT_PROTOTYPES = YES;
				CLANG_WARN_SUSPICIOUS_MOVE = YES;
				CLANG_WARN_UNREACHABLE_CODE = YES;
				CLANG_WARN__DUPLICATE_METHOD_MATCH = YES;
				"CODE_SIGN_IDENTITY[sdk=iphoneos*]" = "iPhone Developer";
				COPY_PHASE_STRIP = NO;
				DEBUG_INFORMATION_FORMAT = dwarf;
				ENABLE_STRICT_OBJC_MSGSEND = YES;
				ENABLE_TESTABILITY = YES;
				GCC_C_LANGUAGE_STANDARD = gnu99;
				GCC_DYNAMIC_NO_PIC = NO;
				GCC_NO_COMMON_BLOCKS = YES;
				GCC_OPTIMIZATION_LEVEL = 0;
				GCC_PREPROCESSOR_DEFINITIONS = (
					"DEBUG=1",
					"$(inherited)",
				);
				GCC_WARN_64_TO_32_BIT_CONVERSION = YES;
				GCC_WARN_ABOUT_RETURN_TYPE = YES_ERROR;
				GCC_WARN_UNDECLARED_SELECTOR = YES;
				GCC_WARN_UNINITIALIZED_AUTOS = YES_AGGRESSIVE;
				GCC_WARN_UNUSED_FUNCTION = YES;
				GCC_WARN_UNUSED_VARIABLE = YES;
				IPHONEOS_DEPLOYMENT_TARGET = 11.0;
				MTL_ENABLE_DEBUG_INFO = YES;
				ONLY_ACTIVE_ARCH = YES;
				SDKROOT = iphoneos;
				SWIFT_ACTIVE_COMPILATION_CONDITIONS = DEBUG;
				SWIFT_OPTIMIZATION_LEVEL = "-Onone";
				TARGETED_DEVICE_FAMILY = "1,2";
			};
			name = Debug;
		};
		6B257E251D31346C004AAAD0 /* Release */ = {
			isa = XCBuildConfiguration;
			buildSettings = {
				ALWAYS_SEARCH_USER_PATHS = NO;
				CLANG_ANALYZER_NONNULL = YES;
				CLANG_CXX_LANGUAGE_STANDARD = "gnu++0x";
				CLANG_CXX_LIBRARY = "libc++";
				CLANG_ENABLE_MODULES = YES;
				CLANG_ENABLE_OBJC_ARC = YES;
				CLANG_WARN_BLOCK_CAPTURE_AUTORELEASING = YES;
				CLANG_WARN_BOOL_CONVERSION = YES;
				CLANG_WARN_COMMA = YES;
				CLANG_WARN_CONSTANT_CONVERSION = YES;
				CLANG_WARN_DIRECT_OBJC_ISA_USAGE = YES_ERROR;
				CLANG_WARN_DOCUMENTATION_COMMENTS = YES;
				CLANG_WARN_EMPTY_BODY = YES;
				CLANG_WARN_ENUM_CONVERSION = YES;
				CLANG_WARN_INFINITE_RECURSION = YES;
				CLANG_WARN_INT_CONVERSION = YES;
				CLANG_WARN_NON_LITERAL_NULL_CONVERSION = YES;
				CLANG_WARN_OBJC_LITERAL_CONVERSION = YES;
				CLANG_WARN_OBJC_ROOT_CLASS = YES_ERROR;
				CLANG_WARN_RANGE_LOOP_ANALYSIS = YES;
				CLANG_WARN_STRICT_PROTOTYPES = YES;
				CLANG_WARN_SUSPICIOUS_MOVE = YES;
				CLANG_WARN_UNREACHABLE_CODE = YES;
				CLANG_WARN__DUPLICATE_METHOD_MATCH = YES;
				"CODE_SIGN_IDENTITY[sdk=iphoneos*]" = "iPhone Developer";
				COPY_PHASE_STRIP = NO;
				DEBUG_INFORMATION_FORMAT = "dwarf-with-dsym";
				ENABLE_NS_ASSERTIONS = NO;
				ENABLE_STRICT_OBJC_MSGSEND = YES;
				GCC_C_LANGUAGE_STANDARD = gnu99;
				GCC_NO_COMMON_BLOCKS = YES;
				GCC_WARN_64_TO_32_BIT_CONVERSION = YES;
				GCC_WARN_ABOUT_RETURN_TYPE = YES_ERROR;
				GCC_WARN_UNDECLARED_SELECTOR = YES;
				GCC_WARN_UNINITIALIZED_AUTOS = YES_AGGRESSIVE;
				GCC_WARN_UNUSED_FUNCTION = YES;
				GCC_WARN_UNUSED_VARIABLE = YES;
				IPHONEOS_DEPLOYMENT_TARGET = 11.0;
				MTL_ENABLE_DEBUG_INFO = NO;
				SDKROOT = iphoneos;
				SWIFT_OPTIMIZATION_LEVEL = "-Owholemodule";
				TARGETED_DEVICE_FAMILY = "1,2";
				VALIDATE_PRODUCT = YES;
			};
			name = Release;
		};
		6B257E271D31346C004AAAD0 /* Debug */ = {
			isa = XCBuildConfiguration;
			buildSettings = {
				ASSETCATALOG_COMPILER_APPICON_NAME = AppIcon;
				INFOPLIST_FILE = Overlay/Info.plist;
				LD_RUNPATH_SEARCH_PATHS = "$(inherited) @executable_path/Frameworks";
				PRODUCT_BUNDLE_IDENTIFIER = books.ckk.Overlay;
				PRODUCT_NAME = "$(TARGET_NAME)";
				SWIFT_SWIFT3_OBJC_INFERENCE = Default;
				SWIFT_VERSION = 4.0;
				TARGETED_DEVICE_FAMILY = "1,2";
			};
			name = Debug;
		};
		6B257E281D31346C004AAAD0 /* Release */ = {
			isa = XCBuildConfiguration;
			buildSettings = {
				ASSETCATALOG_COMPILER_APPICON_NAME = AppIcon;
				INFOPLIST_FILE = Overlay/Info.plist;
				LD_RUNPATH_SEARCH_PATHS = "$(inherited) @executable_path/Frameworks";
				PRODUCT_BUNDLE_IDENTIFIER = books.ckk.Overlay;
				PRODUCT_NAME = "$(TARGET_NAME)";
				SWIFT_SWIFT3_OBJC_INFERENCE = Default;
				SWIFT_VERSION = 4.0;
				TARGETED_DEVICE_FAMILY = "1,2";
			};
			name = Release;
		};
		6B257E2A1D31346C004AAAD0 /* Debug */ = {
			isa = XCBuildConfiguration;
			buildSettings = {
				BUNDLE_LOADER = "$(TEST_HOST)";
				INFOPLIST_FILE = OverlayTests/Info.plist;
				LD_RUNPATH_SEARCH_PATHS = "$(inherited) @executable_path/Frameworks @loader_path/Frameworks";
				PRODUCT_BUNDLE_IDENTIFIER = books.ckk.OverlayTests;
				PRODUCT_NAME = "$(TARGET_NAME)";
				SWIFT_SWIFT3_OBJC_INFERENCE = Default;
				SWIFT_VERSION = 4.0;
				TEST_HOST = "$(BUILT_PRODUCTS_DIR)/Overlay.app/Overlay";
			};
			name = Debug;
		};
		6B257E2B1D31346C004AAAD0 /* Release */ = {
			isa = XCBuildConfiguration;
			buildSettings = {
				BUNDLE_LOADER = "$(TEST_HOST)";
				INFOPLIST_FILE = OverlayTests/Info.plist;
				LD_RUNPATH_SEARCH_PATHS = "$(inherited) @executable_path/Frameworks @loader_path/Frameworks";
				PRODUCT_BUNDLE_IDENTIFIER = books.ckk.OverlayTests;
				PRODUCT_NAME = "$(TARGET_NAME)";
				SWIFT_SWIFT3_OBJC_INFERENCE = Default;
				SWIFT_VERSION = 4.0;
				TEST_HOST = "$(BUILT_PRODUCTS_DIR)/Overlay.app/Overlay";
			};
			name = Release;
		};
		6B257E2D1D31346C004AAAD0 /* Debug */ = {
			isa = XCBuildConfiguration;
			buildSettings = {
				INFOPLIST_FILE = OverlayUITests/Info.plist;
				LD_RUNPATH_SEARCH_PATHS = "$(inherited) @executable_path/Frameworks @loader_path/Frameworks";
				PRODUCT_BUNDLE_IDENTIFIER = books.ckk.OverlayUITests;
				PRODUCT_NAME = "$(TARGET_NAME)";
				SWIFT_SWIFT3_OBJC_INFERENCE = Default;
				SWIFT_VERSION = 4.0;
				TEST_TARGET_NAME = Overlay;
			};
			name = Debug;
		};
		6B257E2E1D31346C004AAAD0 /* Release */ = {
			isa = XCBuildConfiguration;
			buildSettings = {
				INFOPLIST_FILE = OverlayUITests/Info.plist;
				LD_RUNPATH_SEARCH_PATHS = "$(inherited) @executable_path/Frameworks @loader_path/Frameworks";
				PRODUCT_BUNDLE_IDENTIFIER = books.ckk.OverlayUITests;
				PRODUCT_NAME = "$(TARGET_NAME)";
				SWIFT_SWIFT3_OBJC_INFERENCE = Default;
				SWIFT_VERSION = 4.0;
				TEST_TARGET_NAME = Overlay;
			};
			name = Release;
		};
/* End XCBuildConfiguration section */

/* Begin XCConfigurationList section */
		6B257DF91D31346C004AAAD0 /* Build configuration list for PBXProject "Overlay" */ = {
			isa = XCConfigurationList;
			buildConfigurations = (
				6B257E241D31346C004AAAD0 /* Debug */,
				6B257E251D31346C004AAAD0 /* Release */,
			);
			defaultConfigurationIsVisible = 0;
			defaultConfigurationName = Release;
		};
		6B257E261D31346C004AAAD0 /* Build configuration list for PBXNativeTarget "Overlay" */ = {
			isa = XCConfigurationList;
			buildConfigurations = (
				6B257E271D31346C004AAAD0 /* Debug */,
				6B257E281D31346C004AAAD0 /* Release */,
			);
			defaultConfigurationIsVisible = 0;
			defaultConfigurationName = Release;
		};
		6B257E291D31346C004AAAD0 /* Build configuration list for PBXNativeTarget "OverlayTests" */ = {
			isa = XCConfigurationList;
			buildConfigurations = (
				6B257E2A1D31346C004AAAD0 /* Debug */,
				6B257E2B1D31346C004AAAD0 /* Release */,
			);
			defaultConfigurationIsVisible = 0;
			defaultConfigurationName = Release;
		};
		6B257E2C1D31346C004AAAD0 /* Build configuration list for PBXNativeTarget "OverlayUITests" */ = {
			isa = XCConfigurationList;
			buildConfigurations = (
				6B257E2D1D31346C004AAAD0 /* Debug */,
				6B257E2E1D31346C004AAAD0 /* Release */,
			);
			defaultConfigurationIsVisible = 0;
			defaultConfigurationName = Release;
		};
/* End XCConfigurationList section */
	};
	rootObject = 6B257DF61D31346C004AAAD0 /* Project object */;
}
