// !$*UTF8*$!
{
	archiveVersion = 1;
	classes = {
	};
	objectVersion = 46;
	objects = {

/* Begin PBXBuildFile section */
		6BC1AF041D433F4A009CCC1B /* AppDelegate.swift in Sources */ = {isa = PBXBuildFile; fileRef = 6BC1AF031D433F4A009CCC1B /* AppDelegate.swift */; };
		6BC1AF061D433F4A009CCC1B /* ViewController.swift in Sources */ = {isa = PBXBuildFile; fileRef = 6BC1AF051D433F4A009CCC1B /* ViewController.swift */; };
		6BC1AF091D433F4A009CCC1B /* Main.storyboard in Resources */ = {isa = PBXBuildFile; fileRef = 6BC1AF071D433F4A009CCC1B /* Main.storyboard */; };
		6BC1AF0B1D433F4A009CCC1B /* Assets.xcassets in Resources */ = {isa = PBXBuildFile; fileRef = 6BC1AF0A1D433F4A009CCC1B /* Assets.xcassets */; };
		6BC1AF0E1D433F4A009CCC1B /* LaunchScreen.storyboard in Resources */ = {isa = PBXBuildFile; fileRef = 6BC1AF0C1D433F4A009CCC1B /* LaunchScreen.storyboard */; };
		6BC1AF191D433F4A009CCC1B /* MagnetometerTests.swift in Sources */ = {isa = PBXBuildFile; fileRef = 6BC1AF181D433F4A009CCC1B /* MagnetometerTests.swift */; };
		6BC1AF241D433F4A009CCC1B /* MagnetometerUITests.swift in Sources */ = {isa = PBXBuildFile; fileRef = 6BC1AF231D433F4A009CCC1B /* MagnetometerUITests.swift */; };
/* End PBXBuildFile section */

/* Begin PBXContainerItemProxy section */
		6BC1AF151D433F4A009CCC1B /* PBXContainerItemProxy */ = {
			isa = PBXContainerItemProxy;
			containerPortal = 6BC1AEF81D433F4A009CCC1B /* Project object */;
			proxyType = 1;
			remoteGlobalIDString = 6BC1AEFF1D433F4A009CCC1B;
			remoteInfo = Magnetometer;
		};
		6BC1AF201D433F4A009CCC1B /* PBXContainerItemProxy */ = {
			isa = PBXContainerItemProxy;
			containerPortal = 6BC1AEF81D433F4A009CCC1B /* Project object */;
			proxyType = 1;
			remoteGlobalIDString = 6BC1AEFF1D433F4A009CCC1B;
			remoteInfo = Magnetometer;
		};
/* End PBXContainerItemProxy section */

/* Begin PBXFileReference section */
		6BC1AF001D433F4A009CCC1B /* Magnetometer.app */ = {isa = PBXFileReference; explicitFileType = wrapper.application; includeInIndex = 0; path = Magnetometer.app; sourceTree = BUILT_PRODUCTS_DIR; };
		6BC1AF031D433F4A009CCC1B /* AppDelegate.swift */ = {isa = PBXFileReference; lastKnownFileType = sourcecode.swift; path = AppDelegate.swift; sourceTree = "<group>"; };
		6BC1AF051D433F4A009CCC1B /* ViewController.swift */ = {isa = PBXFileReference; lastKnownFileType = sourcecode.swift; path = ViewController.swift; sourceTree = "<group>"; };
		6BC1AF081D433F4A009CCC1B /* Base */ = {isa = PBXFileReference; lastKnownFileType = file.storyboard; name = Base; path = Base.lproj/Main.storyboard; sourceTree = "<group>"; };
		6BC1AF0A1D433F4A009CCC1B /* Assets.xcassets */ = {isa = PBXFileReference; lastKnownFileType = folder.assetcatalog; path = Assets.xcassets; sourceTree = "<group>"; };
		6BC1AF0D1D433F4A009CCC1B /* Base */ = {isa = PBXFileReference; lastKnownFileType = file.storyboard; name = Base; path = Base.lproj/LaunchScreen.storyboard; sourceTree = "<group>"; };
		6BC1AF0F1D433F4A009CCC1B /* Info.plist */ = {isa = PBXFileReference; lastKnownFileType = text.plist.xml; path = Info.plist; sourceTree = "<group>"; };
		6BC1AF141D433F4A009CCC1B /* MagnetometerTests.xctest */ = {isa = PBXFileReference; explicitFileType = wrapper.cfbundle; includeInIndex = 0; path = MagnetometerTests.xctest; sourceTree = BUILT_PRODUCTS_DIR; };
		6BC1AF181D433F4A009CCC1B /* MagnetometerTests.swift */ = {isa = PBXFileReference; lastKnownFileType = sourcecode.swift; path = MagnetometerTests.swift; sourceTree = "<group>"; };
		6BC1AF1A1D433F4A009CCC1B /* Info.plist */ = {isa = PBXFileReference; lastKnownFileType = text.plist.xml; path = Info.plist; sourceTree = "<group>"; };
		6BC1AF1F1D433F4A009CCC1B /* MagnetometerUITests.xctest */ = {isa = PBXFileReference; explicitFileType = wrapper.cfbundle; includeInIndex = 0; path = MagnetometerUITests.xctest; sourceTree = BUILT_PRODUCTS_DIR; };
		6BC1AF231D433F4A009CCC1B /* MagnetometerUITests.swift */ = {isa = PBXFileReference; lastKnownFileType = sourcecode.swift; path = MagnetometerUITests.swift; sourceTree = "<group>"; };
		6BC1AF251D433F4A009CCC1B /* Info.plist */ = {isa = PBXFileReference; lastKnownFileType = text.plist.xml; path = Info.plist; sourceTree = "<group>"; };
/* End PBXFileReference section */

/* Begin PBXFrameworksBuildPhase section */
		6BC1AEFD1D433F4A009CCC1B /* Frameworks */ = {
			isa = PBXFrameworksBuildPhase;
			buildActionMask = 2147483647;
			files = (
			);
			runOnlyForDeploymentPostprocessing = 0;
		};
		6BC1AF111D433F4A009CCC1B /* Frameworks */ = {
			isa = PBXFrameworksBuildPhase;
			buildActionMask = 2147483647;
			files = (
			);
			runOnlyForDeploymentPostprocessing = 0;
		};
		6BC1AF1C1D433F4A009CCC1B /* Frameworks */ = {
			isa = PBXFrameworksBuildPhase;
			buildActionMask = 2147483647;
			files = (
			);
			runOnlyForDeploymentPostprocessing = 0;
		};
/* End PBXFrameworksBuildPhase section */

/* Begin PBXGroup section */
		6BC1AEF71D433F4A009CCC1B = {
			isa = PBXGroup;
			children = (
				6BC1AF021D433F4A009CCC1B /* Magnetometer */,
				6BC1AF171D433F4A009CCC1B /* MagnetometerTests */,
				6BC1AF221D433F4A009CCC1B /* MagnetometerUITests */,
				6BC1AF011D433F4A009CCC1B /* Products */,
			);
			sourceTree = "<group>";
		};
		6BC1AF011D433F4A009CCC1B /* Products */ = {
			isa = PBXGroup;
			children = (
				6BC1AF001D433F4A009CCC1B /* Magnetometer.app */,
				6BC1AF141D433F4A009CCC1B /* MagnetometerTests.xctest */,
				6BC1AF1F1D433F4A009CCC1B /* MagnetometerUITests.xctest */,
			);
			name = Products;
			sourceTree = "<group>";
		};
		6BC1AF021D433F4A009CCC1B /* Magnetometer */ = {
			isa = PBXGroup;
			children = (
				6BC1AF031D433F4A009CCC1B /* AppDelegate.swift */,
				6BC1AF051D433F4A009CCC1B /* ViewController.swift */,
				6BC1AF071D433F4A009CCC1B /* Main.storyboard */,
				6BC1AF0A1D433F4A009CCC1B /* Assets.xcassets */,
				6BC1AF0C1D433F4A009CCC1B /* LaunchScreen.storyboard */,
				6BC1AF0F1D433F4A009CCC1B /* Info.plist */,
			);
			path = Magnetometer;
			sourceTree = "<group>";
		};
		6BC1AF171D433F4A009CCC1B /* MagnetometerTests */ = {
			isa = PBXGroup;
			children = (
				6BC1AF181D433F4A009CCC1B /* MagnetometerTests.swift */,
				6BC1AF1A1D433F4A009CCC1B /* Info.plist */,
			);
			path = MagnetometerTests;
			sourceTree = "<group>";
		};
		6BC1AF221D433F4A009CCC1B /* MagnetometerUITests */ = {
			isa = PBXGroup;
			children = (
				6BC1AF231D433F4A009CCC1B /* MagnetometerUITests.swift */,
				6BC1AF251D433F4A009CCC1B /* Info.plist */,
			);
			path = MagnetometerUITests;
			sourceTree = "<group>";
		};
/* End PBXGroup section */

/* Begin PBXNativeTarget section */
		6BC1AEFF1D433F4A009CCC1B /* Magnetometer */ = {
			isa = PBXNativeTarget;
			buildConfigurationList = 6BC1AF281D433F4A009CCC1B /* Build configuration list for PBXNativeTarget "Magnetometer" */;
			buildPhases = (
				6BC1AEFC1D433F4A009CCC1B /* Sources */,
				6BC1AEFD1D433F4A009CCC1B /* Frameworks */,
				6BC1AEFE1D433F4A009CCC1B /* Resources */,
			);
			buildRules = (
			);
			dependencies = (
			);
			name = Magnetometer;
			productName = Magnetometer;
			productReference = 6BC1AF001D433F4A009CCC1B /* Magnetometer.app */;
			productType = "com.apple.product-type.application";
		};
		6BC1AF131D433F4A009CCC1B /* MagnetometerTests */ = {
			isa = PBXNativeTarget;
			buildConfigurationList = 6BC1AF2B1D433F4A009CCC1B /* Build configuration list for PBXNativeTarget "MagnetometerTests" */;
			buildPhases = (
				6BC1AF101D433F4A009CCC1B /* Sources */,
				6BC1AF111D433F4A009CCC1B /* Frameworks */,
				6BC1AF121D433F4A009CCC1B /* Resources */,
			);
			buildRules = (
			);
			dependencies = (
				6BC1AF161D433F4A009CCC1B /* PBXTargetDependency */,
			);
			name = MagnetometerTests;
			productName = MagnetometerTests;
			productReference = 6BC1AF141D433F4A009CCC1B /* MagnetometerTests.xctest */;
			productType = "com.apple.product-type.bundle.unit-test";
		};
		6BC1AF1E1D433F4A009CCC1B /* MagnetometerUITests */ = {
			isa = PBXNativeTarget;
			buildConfigurationList = 6BC1AF2E1D433F4A009CCC1B /* Build configuration list for PBXNativeTarget "MagnetometerUITests" */;
			buildPhases = (
				6BC1AF1B1D433F4A009CCC1B /* Sources */,
				6BC1AF1C1D433F4A009CCC1B /* Frameworks */,
				6BC1AF1D1D433F4A009CCC1B /* Resources */,
			);
			buildRules = (
			);
			dependencies = (
				6BC1AF211D433F4A009CCC1B /* PBXTargetDependency */,
			);
			name = MagnetometerUITests;
			productName = MagnetometerUITests;
			productReference = 6BC1AF1F1D433F4A009CCC1B /* MagnetometerUITests.xctest */;
			productType = "com.apple.product-type.bundle.ui-testing";
		};
/* End PBXNativeTarget section */

/* Begin PBXProject section */
		6BC1AEF81D433F4A009CCC1B /* Project object */ = {
			isa = PBXProject;
			attributes = {
				LastSwiftUpdateCheck = 0800;
				LastUpgradeCheck = 0900;
				ORGANIZATIONNAME = ChuKoKang;
				TargetAttributes = {
					6BC1AEFF1D433F4A009CCC1B = {
						CreatedOnToolsVersion = 8.0;
						DevelopmentTeam = 8G85EE7C35;
						DevelopmentTeamName = "KoKang Chu";
						LastSwiftMigration = 0900;
						ProvisioningStyle = Automatic;
					};
					6BC1AF131D433F4A009CCC1B = {
						CreatedOnToolsVersion = 8.0;
						DevelopmentTeam = 8G85EE7C35;
						DevelopmentTeamName = "KoKang Chu";
						LastSwiftMigration = 0900;
						ProvisioningStyle = Automatic;
						TestTargetID = 6BC1AEFF1D433F4A009CCC1B;
					};
					6BC1AF1E1D433F4A009CCC1B = {
						CreatedOnToolsVersion = 8.0;
						DevelopmentTeam = 8G85EE7C35;
						DevelopmentTeamName = "KoKang Chu";
						LastSwiftMigration = 0900;
						ProvisioningStyle = Automatic;
						TestTargetID = 6BC1AEFF1D433F4A009CCC1B;
					};
				};
			};
			buildConfigurationList = 6BC1AEFB1D433F4A009CCC1B /* Build configuration list for PBXProject "Magnetometer" */;
			compatibilityVersion = "Xcode 3.2";
			developmentRegion = English;
			hasScannedForEncodings = 0;
			knownRegions = (
				en,
				Base,
			);
			mainGroup = 6BC1AEF71D433F4A009CCC1B;
			productRefGroup = 6BC1AF011D433F4A009CCC1B /* Products */;
			projectDirPath = "";
			projectRoot = "";
			targets = (
				6BC1AEFF1D433F4A009CCC1B /* Magnetometer */,
				6BC1AF131D433F4A009CCC1B /* MagnetometerTests */,
				6BC1AF1E1D433F4A009CCC1B /* MagnetometerUITests */,
			);
		};
/* End PBXProject section */

/* Begin PBXResourcesBuildPhase section */
		6BC1AEFE1D433F4A009CCC1B /* Resources */ = {
			isa = PBXResourcesBuildPhase;
			buildActionMask = 2147483647;
			files = (
				6BC1AF0E1D433F4A009CCC1B /* LaunchScreen.storyboard in Resources */,
				6BC1AF0B1D433F4A009CCC1B /* Assets.xcassets in Resources */,
				6BC1AF091D433F4A009CCC1B /* Main.storyboard in Resources */,
			);
			runOnlyForDeploymentPostprocessing = 0;
		};
		6BC1AF121D433F4A009CCC1B /* Resources */ = {
			isa = PBXResourcesBuildPhase;
			buildActionMask = 2147483647;
			files = (
			);
			runOnlyForDeploymentPostprocessing = 0;
		};
		6BC1AF1D1D433F4A009CCC1B /* Resources */ = {
			isa = PBXResourcesBuildPhase;
			buildActionMask = 2147483647;
			files = (
			);
			runOnlyForDeploymentPostprocessing = 0;
		};
/* End PBXResourcesBuildPhase section */

/* Begin PBXSourcesBuildPhase section */
		6BC1AEFC1D433F4A009CCC1B /* Sources */ = {
			isa = PBXSourcesBuildPhase;
			buildActionMask = 2147483647;
			files = (
				6BC1AF061D433F4A009CCC1B /* ViewController.swift in Sources */,
				6BC1AF041D433F4A009CCC1B /* AppDelegate.swift in Sources */,
			);
			runOnlyForDeploymentPostprocessing = 0;
		};
		6BC1AF101D433F4A009CCC1B /* Sources */ = {
			isa = PBXSourcesBuildPhase;
			buildActionMask = 2147483647;
			files = (
				6BC1AF191D433F4A009CCC1B /* MagnetometerTests.swift in Sources */,
			);
			runOnlyForDeploymentPostprocessing = 0;
		};
		6BC1AF1B1D433F4A009CCC1B /* Sources */ = {
			isa = PBXSourcesBuildPhase;
			buildActionMask = 2147483647;
			files = (
				6BC1AF241D433F4A009CCC1B /* MagnetometerUITests.swift in Sources */,
			);
			runOnlyForDeploymentPostprocessing = 0;
		};
/* End PBXSourcesBuildPhase section */

/* Begin PBXTargetDependency section */
		6BC1AF161D433F4A009CCC1B /* PBXTargetDependency */ = {
			isa = PBXTargetDependency;
			target = 6BC1AEFF1D433F4A009CCC1B /* Magnetometer */;
			targetProxy = 6BC1AF151D433F4A009CCC1B /* PBXContainerItemProxy */;
		};
		6BC1AF211D433F4A009CCC1B /* PBXTargetDependency */ = {
			isa = PBXTargetDependency;
			target = 6BC1AEFF1D433F4A009CCC1B /* Magnetometer */;
			targetProxy = 6BC1AF201D433F4A009CCC1B /* PBXContainerItemProxy */;
		};
/* End PBXTargetDependency section */

/* Begin PBXVariantGroup section */
		6BC1AF071D433F4A009CCC1B /* Main.storyboard */ = {
			isa = PBXVariantGroup;
			children = (
				6BC1AF081D433F4A009CCC1B /* Base */,
			);
			name = Main.storyboard;
			sourceTree = "<group>";
		};
		6BC1AF0C1D433F4A009CCC1B /* LaunchScreen.storyboard */ = {
			isa = PBXVariantGroup;
			children = (
				6BC1AF0D1D433F4A009CCC1B /* Base */,
			);
			name = LaunchScreen.storyboard;
			sourceTree = "<group>";
		};
/* End PBXVariantGroup section */

/* Begin XCBuildConfiguration section */
		6BC1AF261D433F4A009CCC1B /* Debug */ = {
			isa = XCBuildConfiguration;
			buildSettings = {
				ALWAYS_SEARCH_USER_PATHS = NO;
				CLANG_ANALYZER_NONNULL = YES;
				CLANG_CXX_LANGUAGE_STANDARD = "gnu++0x";
				CLANG_CXX_LIBRARY = "libc++";
				CLANG_ENABLE_MODULES = YES;
				CLANG_ENABLE_OBJC_ARC = YES;
				CLANG_WARN_BLOCK_CAPTURE_AUTORELEASING = YES;
				CLANG_WARN_BOOL_CONVERSION = YES;
				CLANG_WARN_COMMA = YES;
				CLANG_WARN_CONSTANT_CONVERSION = YES;
				CLANG_WARN_DIRECT_OBJC_ISA_USAGE = YES_ERROR;
				CLANG_WARN_DOCUMENTATION_COMMENTS = YES;
				CLANG_WARN_EMPTY_BODY = YES;
				CLANG_WARN_ENUM_CONVERSION = YES;
				CLANG_WARN_INFINITE_RECURSION = YES;
				CLANG_WARN_INT_CONVERSION = YES;
				CLANG_WARN_NON_LITERAL_NULL_CONVERSION = YES;
				CLANG_WARN_OBJC_LITERAL_CONVERSION = YES;
				CLANG_WARN_OBJC_ROOT_CLASS = YES_ERROR;
				CLANG_WARN_RANGE_LOOP_ANALYSIS = YES;
				CLANG_WARN_STRICT_PROTOTYPES = YES;
				CLANG_WARN_SUSPICIOUS_MOVE = YES;
				CLANG_WARN_UNREACHABLE_CODE = YES;
				CLANG_WARN__DUPLICATE_METHOD_MATCH = YES;
				"CODE_SIGN_IDENTITY[sdk=iphoneos*]" = "iPhone Developer";
				COPY_PHASE_STRIP = NO;
				DEBUG_INFORMATION_FORMAT = dwarf;
				ENABLE_STRICT_OBJC_MSGSEND = YES;
				ENABLE_TESTABILITY = YES;
				GCC_C_LANGUAGE_STANDARD = gnu99;
				GCC_DYNAMIC_NO_PIC = NO;
				GCC_NO_COMMON_BLOCKS = YES;
				GCC_OPTIMIZATION_LEVEL = 0;
				GCC_PREPROCESSOR_DEFINITIONS = (
					"DEBUG=1",
					"$(inherited)",
				);
				GCC_WARN_64_TO_32_BIT_CONVERSION = YES;
				GCC_WARN_ABOUT_RETURN_TYPE = YES_ERROR;
				GCC_WARN_UNDECLARED_SELECTOR = YES;
				GCC_WARN_UNINITIALIZED_AUTOS = YES_AGGRESSIVE;
				GCC_WARN_UNUSED_FUNCTION = YES;
				GCC_WARN_UNUSED_VARIABLE = YES;
				IPHONEOS_DEPLOYMENT_TARGET = 10.0;
				MTL_ENABLE_DEBUG_INFO = YES;
				ONLY_ACTIVE_ARCH = YES;
				SDKROOT = iphoneos;
				SWIFT_ACTIVE_COMPILATION_CONDITIONS = DEBUG;
				SWIFT_OPTIMIZATION_LEVEL = "-Onone";
				TARGETED_DEVICE_FAMILY = "1,2";
			};
			name = Debug;
		};
		6BC1AF271D433F4A009CCC1B /* Release */ = {
			isa = XCBuildConfiguration;
			buildSettings = {
				ALWAYS_SEARCH_USER_PATHS = NO;
				CLANG_ANALYZER_NONNULL = YES;
				CLANG_CXX_LANGUAGE_STANDARD = "gnu++0x";
				CLANG_CXX_LIBRARY = "libc++";
				CLANG_ENABLE_MODULES = YES;
				CLANG_ENABLE_OBJC_ARC = YES;
				CLANG_WARN_BLOCK_CAPTURE_AUTORELEASING = YES;
				CLANG_WARN_BOOL_CONVERSION = YES;
				CLANG_WARN_COMMA = YES;
				CLANG_WARN_CONSTANT_CONVERSION = YES;
				CLANG_WARN_DIRECT_OBJC_ISA_USAGE = YES_ERROR;
				CLANG_WARN_DOCUMENTATION_COMMENTS = YES;
				CLANG_WARN_EMPTY_BODY = YES;
				CLANG_WARN_ENUM_CONVERSION = YES;
				CLANG_WARN_INFINITE_RECURSION = YES;
				CLANG_WARN_INT_CONVERSION = YES;
				CLANG_WARN_NON_LITERAL_NULL_CONVERSION = YES;
				CLANG_WARN_OBJC_LITERAL_CONVERSION = YES;
				CLANG_WARN_OBJC_ROOT_CLASS = YES_ERROR;
				CLANG_WARN_RANGE_LOOP_ANALYSIS = YES;
				CLANG_WARN_STRICT_PROTOTYPES = YES;
				CLANG_WARN_SUSPICIOUS_MOVE = YES;
				CLANG_WARN_UNREACHABLE_CODE = YES;
				CLANG_WARN__DUPLICATE_METHOD_MATCH = YES;
				"CODE_SIGN_IDENTITY[sdk=iphoneos*]" = "iPhone Developer";
				COPY_PHASE_STRIP = NO;
				DEBUG_INFORMATION_FORMAT = "dwarf-with-dsym";
				ENABLE_NS_ASSERTIONS = NO;
				ENABLE_STRICT_OBJC_MSGSEND = YES;
				GCC_C_LANGUAGE_STANDARD = gnu99;
				GCC_NO_COMMON_BLOCKS = YES;
				GCC_WARN_64_TO_32_BIT_CONVERSION = YES;
				GCC_WARN_ABOUT_RETURN_TYPE = YES_ERROR;
				GCC_WARN_UNDECLARED_SELECTOR = YES;
				GCC_WARN_UNINITIALIZED_AUTOS = YES_AGGRESSIVE;
				GCC_WARN_UNUSED_FUNCTION = YES;
				GCC_WARN_UNUSED_VARIABLE = YES;
				IPHONEOS_DEPLOYMENT_TARGET = 10.0;
				MTL_ENABLE_DEBUG_INFO = NO;
				SDKROOT = iphoneos;
				SWIFT_OPTIMIZATION_LEVEL = "-Owholemodule";
				TARGETED_DEVICE_FAMILY = "1,2";
				VALIDATE_PRODUCT = YES;
			};
			name = Release;
		};
		6BC1AF291D433F4A009CCC1B /* Debug */ = {
			isa = XCBuildConfiguration;
			buildSettings = {
				ASSETCATALOG_COMPILER_APPICON_NAME = AppIcon;
				INFOPLIST_FILE = Magnetometer/Info.plist;
				LD_RUNPATH_SEARCH_PATHS = "$(inherited) @executable_path/Frameworks";
				PRODUCT_BUNDLE_IDENTIFIER = books.ckk.Magnetometer;
				PRODUCT_NAME = "$(TARGET_NAME)";
				SWIFT_SWIFT3_OBJC_INFERENCE = Default;
				SWIFT_VERSION = 4.0;
			};
			name = Debug;
		};
		6BC1AF2A1D433F4A009CCC1B /* Release */ = {
			isa = XCBuildConfiguration;
			buildSettings = {
				ASSETCATALOG_COMPILER_APPICON_NAME = AppIcon;
				INFOPLIST_FILE = Magnetometer/Info.plist;
				LD_RUNPATH_SEARCH_PATHS = "$(inherited) @executable_path/Frameworks";
				PRODUCT_BUNDLE_IDENTIFIER = books.ckk.Magnetometer;
				PRODUCT_NAME = "$(TARGET_NAME)";
				SWIFT_SWIFT3_OBJC_INFERENCE = Default;
				SWIFT_VERSION = 4.0;
			};
			name = Release;
		};
		6BC1AF2C1D433F4A009CCC1B /* Debug */ = {
			isa = XCBuildConfiguration;
			buildSettings = {
				BUNDLE_LOADER = "$(TEST_HOST)";
				INFOPLIST_FILE = MagnetometerTests/Info.plist;
				LD_RUNPATH_SEARCH_PATHS = "$(inherited) @executable_path/Frameworks @loader_path/Frameworks";
				PRODUCT_BUNDLE_IDENTIFIER = books.ckk.MagnetometerTests;
				PRODUCT_NAME = "$(TARGET_NAME)";
				SWIFT_SWIFT3_OBJC_INFERENCE = On;
				SWIFT_VERSION = 4.0;
				TEST_HOST = "$(BUILT_PRODUCTS_DIR)/Magnetometer.app/Magnetometer";
			};
			name = Debug;
		};
		6BC1AF2D1D433F4A009CCC1B /* Release */ = {
			isa = XCBuildConfiguration;
			buildSettings = {
				BUNDLE_LOADER = "$(TEST_HOST)";
				INFOPLIST_FILE = MagnetometerTests/Info.plist;
				LD_RUNPATH_SEARCH_PATHS = "$(inherited) @executable_path/Frameworks @loader_path/Frameworks";
				PRODUCT_BUNDLE_IDENTIFIER = books.ckk.MagnetometerTests;
				PRODUCT_NAME = "$(TARGET_NAME)";
				SWIFT_SWIFT3_OBJC_INFERENCE = On;
				SWIFT_VERSION = 4.0;
				TEST_HOST = "$(BUILT_PRODUCTS_DIR)/Magnetometer.app/Magnetometer";
			};
			name = Release;
		};
		6BC1AF2F1D433F4A009CCC1B /* Debug */ = {
			isa = XCBuildConfiguration;
			buildSettings = {
				INFOPLIST_FILE = MagnetometerUITests/Info.plist;
				LD_RUNPATH_SEARCH_PATHS = "$(inherited) @executable_path/Frameworks @loader_path/Frameworks";
				PRODUCT_BUNDLE_IDENTIFIER = books.ckk.MagnetometerUITests;
				PRODUCT_NAME = "$(TARGET_NAME)";
				SWIFT_SWIFT3_OBJC_INFERENCE = On;
				SWIFT_VERSION = 4.0;
				TEST_TARGET_NAME = Magnetometer;
			};
			name = Debug;
		};
		6BC1AF301D433F4A009CCC1B /* Release */ = {
			isa = XCBuildConfiguration;
			buildSettings = {
				INFOPLIST_FILE = MagnetometerUITests/Info.plist;
				LD_RUNPATH_SEARCH_PATHS = "$(inherited) @executable_path/Frameworks @loader_path/Frameworks";
				PRODUCT_BUNDLE_IDENTIFIER = books.ckk.MagnetometerUITests;
				PRODUCT_NAME = "$(TARGET_NAME)";
				SWIFT_SWIFT3_OBJC_INFERENCE = On;
				SWIFT_VERSION = 4.0;
				TEST_TARGET_NAME = Magnetometer;
			};
			name = Release;
		};
/* End XCBuildConfiguration section */

/* Begin XCConfigurationList section */
		6BC1AEFB1D433F4A009CCC1B /* Build configuration list for PBXProject "Magnetometer" */ = {
			isa = XCConfigurationList;
			buildConfigurations = (
				6BC1AF261D433F4A009CCC1B /* Debug */,
				6BC1AF271D433F4A009CCC1B /* Release */,
			);
			defaultConfigurationIsVisible = 0;
			defaultConfigurationName = Release;
		};
		6BC1AF281D433F4A009CCC1B /* Build configuration list for PBXNativeTarget "Magnetometer" */ = {
			isa = XCConfigurationList;
			buildConfigurations = (
				6BC1AF291D433F4A009CCC1B /* Debug */,
				6BC1AF2A1D433F4A009CCC1B /* Release */,
			);
			defaultConfigurationIsVisible = 0;
			defaultConfigurationName = Release;
		};
		6BC1AF2B1D433F4A009CCC1B /* Build configuration list for PBXNativeTarget "MagnetometerTests" */ = {
			isa = XCConfigurationList;
			buildConfigurations = (
				6BC1AF2C1D433F4A009CCC1B /* Debug */,
				6BC1AF2D1D433F4A009CCC1B /* Release */,
			);
			defaultConfigurationIsVisible = 0;
			defaultConfigurationName = Release;
		};
		6BC1AF2E1D433F4A009CCC1B /* Build configuration list for PBXNativeTarget "MagnetometerUITests" */ = {
			isa = XCConfigurationList;
			buildConfigurations = (
				6BC1AF2F1D433F4A009CCC1B /* Debug */,
				6BC1AF301D433F4A009CCC1B /* Release */,
			);
			defaultConfigurationIsVisible = 0;
			defaultConfigurationName = Release;
		};
/* End XCConfigurationList section */
	};
	rootObject = 6BC1AEF81D433F4A009CCC1B /* Project object */;
}
