// !$*UTF8*$!
{
	archiveVersion = 1;
	classes = {
	};
	objectVersion = 48;
	objects = {

/* Begin PBXBuildFile section */
		6B994BC41F43E90000D47AA1 /* AppDelegate.swift in Sources */ = {isa = PBXBuildFile; fileRef = 6B994BC31F43E90000D47AA1 /* AppDelegate.swift */; };
		6B994BC61F43E90000D47AA1 /* ViewController.swift in Sources */ = {isa = PBXBuildFile; fileRef = 6B994BC51F43E90000D47AA1 /* ViewController.swift */; };
		6B994BC91F43E90000D47AA1 /* Main.storyboard in Resources */ = {isa = PBXBuildFile; fileRef = 6B994BC71F43E90000D47AA1 /* Main.storyboard */; };
		6B994BCB1F43E90000D47AA1 /* Assets.xcassets in Resources */ = {isa = PBXBuildFile; fileRef = 6B994BCA1F43E90000D47AA1 /* Assets.xcassets */; };
		6B994BCE1F43E90000D47AA1 /* LaunchScreen.storyboard in Resources */ = {isa = PBXBuildFile; fileRef = 6B994BCC1F43E90000D47AA1 /* LaunchScreen.storyboard */; };
		6B994BDC1F43E90F00D47AA1 /* NotificationCenter.framework in Frameworks */ = {isa = PBXBuildFile; fileRef = 6B994BDB1F43E90F00D47AA1 /* NotificationCenter.framework */; };
		6B994BDF1F43E90F00D47AA1 /* TodayViewController.swift in Sources */ = {isa = PBXBuildFile; fileRef = 6B994BDE1F43E90F00D47AA1 /* TodayViewController.swift */; };
		6B994BE21F43E90F00D47AA1 /* MainInterface.storyboard in Resources */ = {isa = PBXBuildFile; fileRef = 6B994BE01F43E90F00D47AA1 /* MainInterface.storyboard */; };
		6B994BE61F43E90F00D47AA1 /* MyToday.appex in Embed App Extensions */ = {isa = PBXBuildFile; fileRef = 6B994BD91F43E90F00D47AA1 /* MyToday.appex */; settings = {ATTRIBUTES = (RemoveHeadersOnCopy, ); }; };
/* End PBXBuildFile section */

/* Begin PBXContainerItemProxy section */
		6B994BE41F43E90F00D47AA1 /* PBXContainerItemProxy */ = {
			isa = PBXContainerItemProxy;
			containerPortal = 6B994BB81F43E90000D47AA1 /* Project object */;
			proxyType = 1;
			remoteGlobalIDString = 6B994BD81F43E90F00D47AA1;
			remoteInfo = MyToday;
		};
/* End PBXContainerItemProxy section */

/* Begin PBXCopyFilesBuildPhase section */
		6B994BEA1F43E90F00D47AA1 /* Embed App Extensions */ = {
			isa = PBXCopyFilesBuildPhase;
			buildActionMask = 2147483647;
			dstPath = "";
			dstSubfolderSpec = 13;
			files = (
				6B994BE61F43E90F00D47AA1 /* MyToday.appex in Embed App Extensions */,
			);
			name = "Embed App Extensions";
			runOnlyForDeploymentPostprocessing = 0;
		};
/* End PBXCopyFilesBuildPhase section */

/* Begin PBXFileReference section */
		6B994BC01F43E90000D47AA1 /* Today.app */ = {isa = PBXFileReference; explicitFileType = wrapper.application; includeInIndex = 0; path = Today.app; sourceTree = BUILT_PRODUCTS_DIR; };
		6B994BC31F43E90000D47AA1 /* AppDelegate.swift */ = {isa = PBXFileReference; lastKnownFileType = sourcecode.swift; path = AppDelegate.swift; sourceTree = "<group>"; };
		6B994BC51F43E90000D47AA1 /* ViewController.swift */ = {isa = PBXFileReference; lastKnownFileType = sourcecode.swift; path = ViewController.swift; sourceTree = "<group>"; };
		6B994BC81F43E90000D47AA1 /* Base */ = {isa = PBXFileReference; lastKnownFileType = file.storyboard; name = Base; path = Base.lproj/Main.storyboard; sourceTree = "<group>"; };
		6B994BCA1F43E90000D47AA1 /* Assets.xcassets */ = {isa = PBXFileReference; lastKnownFileType = folder.assetcatalog; path = Assets.xcassets; sourceTree = "<group>"; };
		6B994BCD1F43E90000D47AA1 /* Base */ = {isa = PBXFileReference; lastKnownFileType = file.storyboard; name = Base; path = Base.lproj/LaunchScreen.storyboard; sourceTree = "<group>"; };
		6B994BCF1F43E90000D47AA1 /* Info.plist */ = {isa = PBXFileReference; lastKnownFileType = text.plist.xml; path = Info.plist; sourceTree = "<group>"; };
		6B994BD91F43E90F00D47AA1 /* MyToday.appex */ = {isa = PBXFileReference; explicitFileType = "wrapper.app-extension"; includeInIndex = 0; path = MyToday.appex; sourceTree = BUILT_PRODUCTS_DIR; };
		6B994BDB1F43E90F00D47AA1 /* NotificationCenter.framework */ = {isa = PBXFileReference; lastKnownFileType = wrapper.framework; name = NotificationCenter.framework; path = System/Library/Frameworks/NotificationCenter.framework; sourceTree = SDKROOT; };
		6B994BDE1F43E90F00D47AA1 /* TodayViewController.swift */ = {isa = PBXFileReference; lastKnownFileType = sourcecode.swift; path = TodayViewController.swift; sourceTree = "<group>"; };
		6B994BE11F43E90F00D47AA1 /* Base */ = {isa = PBXFileReference; lastKnownFileType = file.storyboard; name = Base; path = Base.lproj/MainInterface.storyboard; sourceTree = "<group>"; };
		6B994BE31F43E90F00D47AA1 /* Info.plist */ = {isa = PBXFileReference; lastKnownFileType = text.plist.xml; path = Info.plist; sourceTree = "<group>"; };
/* End PBXFileReference section */

/* Begin PBXFrameworksBuildPhase section */
		6B994BBD1F43E90000D47AA1 /* Frameworks */ = {
			isa = PBXFrameworksBuildPhase;
			buildActionMask = 2147483647;
			files = (
			);
			runOnlyForDeploymentPostprocessing = 0;
		};
		6B994BD61F43E90F00D47AA1 /* Frameworks */ = {
			isa = PBXFrameworksBuildPhase;
			buildActionMask = 2147483647;
			files = (
				6B994BDC1F43E90F00D47AA1 /* NotificationCenter.framework in Frameworks */,
			);
			runOnlyForDeploymentPostprocessing = 0;
		};
/* End PBXFrameworksBuildPhase section */

/* Begin PBXGroup section */
		6B994BB71F43E90000D47AA1 = {
			isa = PBXGroup;
			children = (
				6B994BC21F43E90000D47AA1 /* Today */,
				6B994BDD1F43E90F00D47AA1 /* MyToday */,
				6B994BDA1F43E90F00D47AA1 /* Frameworks */,
				6B994BC11F43E90000D47AA1 /* Products */,
			);
			sourceTree = "<group>";
		};
		6B994BC11F43E90000D47AA1 /* Products */ = {
			isa = PBXGroup;
			children = (
				6B994BC01F43E90000D47AA1 /* Today.app */,
				6B994BD91F43E90F00D47AA1 /* MyToday.appex */,
			);
			name = Products;
			sourceTree = "<group>";
		};
		6B994BC21F43E90000D47AA1 /* Today */ = {
			isa = PBXGroup;
			children = (
				6B994BC31F43E90000D47AA1 /* AppDelegate.swift */,
				6B994BC51F43E90000D47AA1 /* ViewController.swift */,
				6B994BC71F43E90000D47AA1 /* Main.storyboard */,
				6B994BCA1F43E90000D47AA1 /* Assets.xcassets */,
				6B994BCC1F43E90000D47AA1 /* LaunchScreen.storyboard */,
				6B994BCF1F43E90000D47AA1 /* Info.plist */,
			);
			path = Today;
			sourceTree = "<group>";
		};
		6B994BDA1F43E90F00D47AA1 /* Frameworks */ = {
			isa = PBXGroup;
			children = (
				6B994BDB1F43E90F00D47AA1 /* NotificationCenter.framework */,
			);
			name = Frameworks;
			sourceTree = "<group>";
		};
		6B994BDD1F43E90F00D47AA1 /* MyToday */ = {
			isa = PBXGroup;
			children = (
				6B994BDE1F43E90F00D47AA1 /* TodayViewController.swift */,
				6B994BE01F43E90F00D47AA1 /* MainInterface.storyboard */,
				6B994BE31F43E90F00D47AA1 /* Info.plist */,
			);
			path = MyToday;
			sourceTree = "<group>";
		};
/* End PBXGroup section */

/* Begin PBXNativeTarget section */
		6B994BBF1F43E90000D47AA1 /* Today */ = {
			isa = PBXNativeTarget;
			buildConfigurationList = 6B994BD21F43E90000D47AA1 /* Build configuration list for PBXNativeTarget "Today" */;
			buildPhases = (
				6B994BBC1F43E90000D47AA1 /* Sources */,
				6B994BBD1F43E90000D47AA1 /* Frameworks */,
				6B994BBE1F43E90000D47AA1 /* Resources */,
				6B994BEA1F43E90F00D47AA1 /* Embed App Extensions */,
			);
			buildRules = (
			);
			dependencies = (
				6B994BE51F43E90F00D47AA1 /* PBXTargetDependency */,
			);
			name = Today;
			productName = Today;
			productReference = 6B994BC01F43E90000D47AA1 /* Today.app */;
			productType = "com.apple.product-type.application";
		};
		6B994BD81F43E90F00D47AA1 /* MyToday */ = {
			isa = PBXNativeTarget;
			buildConfigurationList = 6B994BE71F43E90F00D47AA1 /* Build configuration list for PBXNativeTarget "MyToday" */;
			buildPhases = (
				6B994BD51F43E90F00D47AA1 /* Sources */,
				6B994BD61F43E90F00D47AA1 /* Frameworks */,
				6B994BD71F43E90F00D47AA1 /* Resources */,
			);
			buildRules = (
			);
			dependencies = (
			);
			name = MyToday;
			productName = MyToday;
			productReference = 6B994BD91F43E90F00D47AA1 /* MyToday.appex */;
			productType = "com.apple.product-type.app-extension";
		};
/* End PBXNativeTarget section */

/* Begin PBXProject section */
		6B994BB81F43E90000D47AA1 /* Project object */ = {
			isa = PBXProject;
			attributes = {
				LastSwiftUpdateCheck = 0900;
				LastUpgradeCheck = 0900;
				ORGANIZATIONNAME = "KoKang Chu";
				TargetAttributes = {
					6B994BBF1F43E90000D47AA1 = {
						CreatedOnToolsVersion = 9.0;
					};
					6B994BD81F43E90F00D47AA1 = {
						CreatedOnToolsVersion = 9.0;
					};
				};
			};
			buildConfigurationList = 6B994BBB1F43E90000D47AA1 /* Build configuration list for PBXProject "Today" */;
			compatibilityVersion = "Xcode 8.0";
			developmentRegion = en;
			hasScannedForEncodings = 0;
			knownRegions = (
				en,
				Base,
			);
			mainGroup = 6B994BB71F43E90000D47AA1;
			productRefGroup = 6B994BC11F43E90000D47AA1 /* Products */;
			projectDirPath = "";
			projectRoot = "";
			targets = (
				6B994BBF1F43E90000D47AA1 /* Today */,
				6B994BD81F43E90F00D47AA1 /* MyToday */,
			);
		};
/* End PBXProject section */

/* Begin PBXResourcesBuildPhase section */
		6B994BBE1F43E90000D47AA1 /* Resources */ = {
			isa = PBXResourcesBuildPhase;
			buildActionMask = 2147483647;
			files = (
				6B994BCE1F43E90000D47AA1 /* LaunchScreen.storyboard in Resources */,
				6B994BCB1F43E90000D47AA1 /* Assets.xcassets in Resources */,
				6B994BC91F43E90000D47AA1 /* Main.storyboard in Resources */,
			);
			runOnlyForDeploymentPostprocessing = 0;
		};
		6B994BD71F43E90F00D47AA1 /* Resources */ = {
			isa = PBXResourcesBuildPhase;
			buildActionMask = 2147483647;
			files = (
				6B994BE21F43E90F00D47AA1 /* MainInterface.storyboard in Resources */,
			);
			runOnlyForDeploymentPostprocessing = 0;
		};
/* End PBXResourcesBuildPhase section */

/* Begin PBXSourcesBuildPhase section */
		6B994BBC1F43E90000D47AA1 /* Sources */ = {
			isa = PBXSourcesBuildPhase;
			buildActionMask = 2147483647;
			files = (
				6B994BC61F43E90000D47AA1 /* ViewController.swift in Sources */,
				6B994BC41F43E90000D47AA1 /* AppDelegate.swift in Sources */,
			);
			runOnlyForDeploymentPostprocessing = 0;
		};
		6B994BD51F43E90F00D47AA1 /* Sources */ = {
			isa = PBXSourcesBuildPhase;
			buildActionMask = 2147483647;
			files = (
				6B994BDF1F43E90F00D47AA1 /* TodayViewController.swift in Sources */,
			);
			runOnlyForDeploymentPostprocessing = 0;
		};
/* End PBXSourcesBuildPhase section */

/* Begin PBXTargetDependency section */
		6B994BE51F43E90F00D47AA1 /* PBXTargetDependency */ = {
			isa = PBXTargetDependency;
			target = 6B994BD81F43E90F00D47AA1 /* MyToday */;
			targetProxy = 6B994BE41F43E90F00D47AA1 /* PBXContainerItemProxy */;
		};
/* End PBXTargetDependency section */

/* Begin PBXVariantGroup section */
		6B994BC71F43E90000D47AA1 /* Main.storyboard */ = {
			isa = PBXVariantGroup;
			children = (
				6B994BC81F43E90000D47AA1 /* Base */,
			);
			name = Main.storyboard;
			sourceTree = "<group>";
		};
		6B994BCC1F43E90000D47AA1 /* LaunchScreen.storyboard */ = {
			isa = PBXVariantGroup;
			children = (
				6B994BCD1F43E90000D47AA1 /* Base */,
			);
			name = LaunchScreen.storyboard;
			sourceTree = "<group>";
		};
		6B994BE01F43E90F00D47AA1 /* MainInterface.storyboard */ = {
			isa = PBXVariantGroup;
			children = (
				6B994BE11F43E90F00D47AA1 /* Base */,
			);
			name = MainInterface.storyboard;
			sourceTree = "<group>";
		};
/* End PBXVariantGroup section */

/* Begin XCBuildConfiguration section */
		6B994BD01F43E90000D47AA1 /* Debug */ = {
			isa = XCBuildConfiguration;
			buildSettings = {
				ALWAYS_SEARCH_USER_PATHS = NO;
				CLANG_ANALYZER_NONNULL = YES;
				CLANG_ANALYZER_NUMBER_OBJECT_CONVERSION = YES_AGGRESSIVE;
				CLANG_CXX_LANGUAGE_STANDARD = "gnu++14";
				CLANG_CXX_LIBRARY = "libc++";
				CLANG_ENABLE_MODULES = YES;
				CLANG_ENABLE_OBJC_ARC = YES;
				CLANG_WARN_BLOCK_CAPTURE_AUTORELEASING = YES;
				CLANG_WARN_BOOL_CONVERSION = YES;
				CLANG_WARN_COMMA = YES;
				CLANG_WARN_CONSTANT_CONVERSION = YES;
				CLANG_WARN_DIRECT_OBJC_ISA_USAGE = YES_ERROR;
				CLANG_WARN_DOCUMENTATION_COMMENTS = YES;
				CLANG_WARN_EMPTY_BODY = YES;
				CLANG_WARN_ENUM_CONVERSION = YES;
				CLANG_WARN_INFINITE_RECURSION = YES;
				CLANG_WARN_INT_CONVERSION = YES;
				CLANG_WARN_NON_LITERAL_NULL_CONVERSION = YES;
				CLANG_WARN_OBJC_LITERAL_CONVERSION = YES;
				CLANG_WARN_OBJC_ROOT_CLASS = YES_ERROR;
				CLANG_WARN_RANGE_LOOP_ANALYSIS = YES;
				CLANG_WARN_STRICT_PROTOTYPES = YES;
				CLANG_WARN_SUSPICIOUS_MOVE = YES;
				CLANG_WARN_UNGUARDED_AVAILABILITY = YES_AGGRESSIVE;
				CLANG_WARN_UNREACHABLE_CODE = YES;
				CLANG_WARN__DUPLICATE_METHOD_MATCH = YES;
				CODE_SIGN_IDENTITY = "iPhone Developer";
				COPY_PHASE_STRIP = NO;
				DEBUG_INFORMATION_FORMAT = dwarf;
				ENABLE_STRICT_OBJC_MSGSEND = YES;
				ENABLE_TESTABILITY = YES;
				GCC_C_LANGUAGE_STANDARD = gnu11;
				GCC_DYNAMIC_NO_PIC = NO;
				GCC_NO_COMMON_BLOCKS = YES;
				GCC_OPTIMIZATION_LEVEL = 0;
				GCC_PREPROCESSOR_DEFINITIONS = (
					"DEBUG=1",
					"$(inherited)",
				);
				GCC_WARN_64_TO_32_BIT_CONVERSION = YES;
				GCC_WARN_ABOUT_RETURN_TYPE = YES_ERROR;
				GCC_WARN_UNDECLARED_SELECTOR = YES;
				GCC_WARN_UNINITIALIZED_AUTOS = YES_AGGRESSIVE;
				GCC_WARN_UNUSED_FUNCTION = YES;
				GCC_WARN_UNUSED_VARIABLE = YES;
				IPHONEOS_DEPLOYMENT_TARGET = 11.0;
				MTL_ENABLE_DEBUG_INFO = YES;
				ONLY_ACTIVE_ARCH = YES;
				SDKROOT = iphoneos;
				SWIFT_ACTIVE_COMPILATION_CONDITIONS = DEBUG;
				SWIFT_OPTIMIZATION_LEVEL = "-Onone";
			};
			name = Debug;
		};
		6B994BD11F43E90000D47AA1 /* Release */ = {
			isa = XCBuildConfiguration;
			buildSettings = {
				ALWAYS_SEARCH_USER_PATHS = NO;
				CLANG_ANALYZER_NONNULL = YES;
				CLANG_ANALYZER_NUMBER_OBJECT_CONVERSION = YES_AGGRESSIVE;
				CLANG_CXX_LANGUAGE_STANDARD = "gnu++14";
				CLANG_CXX_LIBRARY = "libc++";
				CLANG_ENABLE_MODULES = YES;
				CLANG_ENABLE_OBJC_ARC = YES;
				CLANG_WARN_BLOCK_CAPTURE_AUTORELEASING = YES;
				CLANG_WARN_BOOL_CONVERSION = YES;
				CLANG_WARN_COMMA = YES;
				CLANG_WARN_CONSTANT_CONVERSION = YES;
				CLANG_WARN_DIRECT_OBJC_ISA_USAGE = YES_ERROR;
				CLANG_WARN_DOCUMENTATION_COMMENTS = YES;
				CLANG_WARN_EMPTY_BODY = YES;
				CLANG_WARN_ENUM_CONVERSION = YES;
				CLANG_WARN_INFINITE_RECURSION = YES;
				CLANG_WARN_INT_CONVERSION = YES;
				CLANG_WARN_NON_LITERAL_NULL_CONVERSION = YES;
				CLANG_WARN_OBJC_LITERAL_CONVERSION = YES;
				CLANG_WARN_OBJC_ROOT_CLASS = YES_ERROR;
				CLANG_WARN_RANGE_LOOP_ANALYSIS = YES;
				CLANG_WARN_STRICT_PROTOTYPES = YES;
				CLANG_WARN_SUSPICIOUS_MOVE = YES;
				CLANG_WARN_UNGUARDED_AVAILABILITY = YES_AGGRESSIVE;
				CLANG_WARN_UNREACHABLE_CODE = YES;
				CLANG_WARN__DUPLICATE_METHOD_MATCH = YES;
				CODE_SIGN_IDENTITY = "iPhone Developer";
				COPY_PHASE_STRIP = NO;
				DEBUG_INFORMATION_FORMAT = "dwarf-with-dsym";
				ENABLE_NS_ASSERTIONS = NO;
				ENABLE_STRICT_OBJC_MSGSEND = YES;
				GCC_C_LANGUAGE_STANDARD = gnu11;
				GCC_NO_COMMON_BLOCKS = YES;
				GCC_WARN_64_TO_32_BIT_CONVERSION = YES;
				GCC_WARN_ABOUT_RETURN_TYPE = YES_ERROR;
				GCC_WARN_UNDECLARED_SELECTOR = YES;
				GCC_WARN_UNINITIALIZED_AUTOS = YES_AGGRESSIVE;
				GCC_WARN_UNUSED_FUNCTION = YES;
				GCC_WARN_UNUSED_VARIABLE = YES;
				IPHONEOS_DEPLOYMENT_TARGET = 11.0;
				MTL_ENABLE_DEBUG_INFO = NO;
				SDKROOT = iphoneos;
				SWIFT_OPTIMIZATION_LEVEL = "-Owholemodule";
				VALIDATE_PRODUCT = YES;
			};
			name = Release;
		};
		6B994BD31F43E90000D47AA1 /* Debug */ = {
			isa = XCBuildConfiguration;
			buildSettings = {
				ALWAYS_EMBED_SWIFT_STANDARD_LIBRARIES = YES;
				ASSETCATALOG_COMPILER_APPICON_NAME = AppIcon;
				DEVELOPMENT_TEAM = 8G85EE7C35;
				INFOPLIST_FILE = Today/Info.plist;
				LD_RUNPATH_SEARCH_PATHS = "$(inherited) @executable_path/Frameworks";
				PRODUCT_BUNDLE_IDENTIFIER = com.ckk.Today;
				PRODUCT_NAME = "$(TARGET_NAME)";
				SWIFT_VERSION = 4.0;
				TARGETED_DEVICE_FAMILY = "1,2";
			};
			name = Debug;
		};
		6B994BD41F43E90000D47AA1 /* Release */ = {
			isa = XCBuildConfiguration;
			buildSettings = {
				ALWAYS_EMBED_SWIFT_STANDARD_LIBRARIES = YES;
				ASSETCATALOG_COMPILER_APPICON_NAME = AppIcon;
				DEVELOPMENT_TEAM = 8G85EE7C35;
				INFOPLIST_FILE = Today/Info.plist;
				LD_RUNPATH_SEARCH_PATHS = "$(inherited) @executable_path/Frameworks";
				PRODUCT_BUNDLE_IDENTIFIER = com.ckk.Today;
				PRODUCT_NAME = "$(TARGET_NAME)";
				SWIFT_VERSION = 4.0;
				TARGETED_DEVICE_FAMILY = "1,2";
			};
			name = Release;
		};
		6B994BE81F43E90F00D47AA1 /* Debug */ = {
			isa = XCBuildConfiguration;
			buildSettings = {
				DEVELOPMENT_TEAM = 8G85EE7C35;
				INFOPLIST_FILE = MyToday/Info.plist;
				LD_RUNPATH_SEARCH_PATHS = "$(inherited) @executable_path/Frameworks @executable_path/../../Frameworks";
				PRODUCT_BUNDLE_IDENTIFIER = com.ckk.Today.MyToday;
				PRODUCT_NAME = "$(TARGET_NAME)";
				SKIP_INSTALL = YES;
				SWIFT_VERSION = 4.0;
				TARGETED_DEVICE_FAMILY = "1,2";
			};
			name = Debug;
		};
		6B994BE91F43E90F00D47AA1 /* Release */ = {
			isa = XCBuildConfiguration;
			buildSettings = {
				DEVELOPMENT_TEAM = 8G85EE7C35;
				INFOPLIST_FILE = MyToday/Info.plist;
				LD_RUNPATH_SEARCH_PATHS = "$(inherited) @executable_path/Frameworks @executable_path/../../Frameworks";
				PRODUCT_BUNDLE_IDENTIFIER = com.ckk.Today.MyToday;
				PRODUCT_NAME = "$(TARGET_NAME)";
				SKIP_INSTALL = YES;
				SWIFT_VERSION = 4.0;
				TARGETED_DEVICE_FAMILY = "1,2";
			};
			name = Release;
		};
/* End XCBuildConfiguration section */

/* Begin XCConfigurationList section */
		6B994BBB1F43E90000D47AA1 /* Build configuration list for PBXProject "Today" */ = {
			isa = XCConfigurationList;
			buildConfigurations = (
				6B994BD01F43E90000D47AA1 /* Debug */,
				6B994BD11F43E90000D47AA1 /* Release */,
			);
			defaultConfigurationIsVisible = 0;
			defaultConfigurationName = Release;
		};
		6B994BD21F43E90000D47AA1 /* Build configuration list for PBXNativeTarget "Today" */ = {
			isa = XCConfigurationList;
			buildConfigurations = (
				6B994BD31F43E90000D47AA1 /* Debug */,
				6B994BD41F43E90000D47AA1 /* Release */,
			);
			defaultConfigurationIsVisible = 0;
			defaultConfigurationName = Release;
		};
		6B994BE71F43E90F00D47AA1 /* Build configuration list for PBXNativeTarget "MyToday" */ = {
			isa = XCConfigurationList;
			buildConfigurations = (
				6B994BE81F43E90F00D47AA1 /* Debug */,
				6B994BE91F43E90F00D47AA1 /* Release */,
			);
			defaultConfigurationIsVisible = 0;
			defaultConfigurationName = Release;
		};
/* End XCConfigurationList section */
	};
	rootObject = 6B994BB81F43E90000D47AA1 /* Project object */;
}
