// !$*UTF8*$!
{
	archiveVersion = 1;
	classes = {
	};
	objectVersion = 46;
	objects = {

/* Begin PBXBuildFile section */
		6B4386371D28977E00B69D5E /* AppDelegate.swift in Sources */ = {isa = PBXBuildFile; fileRef = 6B4386361D28977E00B69D5E /* AppDelegate.swift */; };
		6B4386391D28977E00B69D5E /* ViewController.swift in Sources */ = {isa = PBXBuildFile; fileRef = 6B4386381D28977E00B69D5E /* ViewController.swift */; };
		6B43863C1D28977E00B69D5E /* Main.storyboard in Resources */ = {isa = PBXBuildFile; fileRef = 6B43863A1D28977E00B69D5E /* Main.storyboard */; };
		6B43863E1D28977E00B69D5E /* Assets.xcassets in Resources */ = {isa = PBXBuildFile; fileRef = 6B43863D1D28977E00B69D5E /* Assets.xcassets */; };
		6B4386411D28977E00B69D5E /* LaunchScreen.storyboard in Resources */ = {isa = PBXBuildFile; fileRef = 6B43863F1D28977E00B69D5E /* LaunchScreen.storyboard */; };
		6B43864C1D28977E00B69D5E /* SerialQueueTests.swift in Sources */ = {isa = PBXBuildFile; fileRef = 6B43864B1D28977E00B69D5E /* SerialQueueTests.swift */; };
		6B4386571D28977E00B69D5E /* SerialQueueUITests.swift in Sources */ = {isa = PBXBuildFile; fileRef = 6B4386561D28977E00B69D5E /* SerialQueueUITests.swift */; };
/* End PBXBuildFile section */

/* Begin PBXContainerItemProxy section */
		6B4386481D28977E00B69D5E /* PBXContainerItemProxy */ = {
			isa = PBXContainerItemProxy;
			containerPortal = 6B43862B1D28977E00B69D5E /* Project object */;
			proxyType = 1;
			remoteGlobalIDString = 6B4386321D28977E00B69D5E;
			remoteInfo = SerialQueue;
		};
		6B4386531D28977E00B69D5E /* PBXContainerItemProxy */ = {
			isa = PBXContainerItemProxy;
			containerPortal = 6B43862B1D28977E00B69D5E /* Project object */;
			proxyType = 1;
			remoteGlobalIDString = 6B4386321D28977E00B69D5E;
			remoteInfo = SerialQueue;
		};
/* End PBXContainerItemProxy section */

/* Begin PBXFileReference section */
		6B4386331D28977E00B69D5E /* SerialQueue.app */ = {isa = PBXFileReference; explicitFileType = wrapper.application; includeInIndex = 0; path = SerialQueue.app; sourceTree = BUILT_PRODUCTS_DIR; };
		6B4386361D28977E00B69D5E /* AppDelegate.swift */ = {isa = PBXFileReference; lastKnownFileType = sourcecode.swift; path = AppDelegate.swift; sourceTree = "<group>"; };
		6B4386381D28977E00B69D5E /* ViewController.swift */ = {isa = PBXFileReference; lastKnownFileType = sourcecode.swift; path = ViewController.swift; sourceTree = "<group>"; };
		6B43863B1D28977E00B69D5E /* Base */ = {isa = PBXFileReference; lastKnownFileType = file.storyboard; name = Base; path = Base.lproj/Main.storyboard; sourceTree = "<group>"; };
		6B43863D1D28977E00B69D5E /* Assets.xcassets */ = {isa = PBXFileReference; lastKnownFileType = folder.assetcatalog; path = Assets.xcassets; sourceTree = "<group>"; };
		6B4386401D28977E00B69D5E /* Base */ = {isa = PBXFileReference; lastKnownFileType = file.storyboard; name = Base; path = Base.lproj/LaunchScreen.storyboard; sourceTree = "<group>"; };
		6B4386421D28977E00B69D5E /* Info.plist */ = {isa = PBXFileReference; lastKnownFileType = text.plist.xml; path = Info.plist; sourceTree = "<group>"; };
		6B4386471D28977E00B69D5E /* SerialQueueTests.xctest */ = {isa = PBXFileReference; explicitFileType = wrapper.cfbundle; includeInIndex = 0; path = SerialQueueTests.xctest; sourceTree = BUILT_PRODUCTS_DIR; };
		6B43864B1D28977E00B69D5E /* SerialQueueTests.swift */ = {isa = PBXFileReference; lastKnownFileType = sourcecode.swift; path = SerialQueueTests.swift; sourceTree = "<group>"; };
		6B43864D1D28977E00B69D5E /* Info.plist */ = {isa = PBXFileReference; lastKnownFileType = text.plist.xml; path = Info.plist; sourceTree = "<group>"; };
		6B4386521D28977E00B69D5E /* SerialQueueUITests.xctest */ = {isa = PBXFileReference; explicitFileType = wrapper.cfbundle; includeInIndex = 0; path = SerialQueueUITests.xctest; sourceTree = BUILT_PRODUCTS_DIR; };
		6B4386561D28977E00B69D5E /* SerialQueueUITests.swift */ = {isa = PBXFileReference; lastKnownFileType = sourcecode.swift; path = SerialQueueUITests.swift; sourceTree = "<group>"; };
		6B4386581D28977E00B69D5E /* Info.plist */ = {isa = PBXFileReference; lastKnownFileType = text.plist.xml; path = Info.plist; sourceTree = "<group>"; };
/* End PBXFileReference section */

/* Begin PBXFrameworksBuildPhase section */
		6B4386301D28977E00B69D5E /* Frameworks */ = {
			isa = PBXFrameworksBuildPhase;
			buildActionMask = 2147483647;
			files = (
			);
			runOnlyForDeploymentPostprocessing = 0;
		};
		6B4386441D28977E00B69D5E /* Frameworks */ = {
			isa = PBXFrameworksBuildPhase;
			buildActionMask = 2147483647;
			files = (
			);
			runOnlyForDeploymentPostprocessing = 0;
		};
		6B43864F1D28977E00B69D5E /* Frameworks */ = {
			isa = PBXFrameworksBuildPhase;
			buildActionMask = 2147483647;
			files = (
			);
			runOnlyForDeploymentPostprocessing = 0;
		};
/* End PBXFrameworksBuildPhase section */

/* Begin PBXGroup section */
		6B43862A1D28977E00B69D5E = {
			isa = PBXGroup;
			children = (
				6B4386351D28977E00B69D5E /* SerialQueue */,
				6B43864A1D28977E00B69D5E /* SerialQueueTests */,
				6B4386551D28977E00B69D5E /* SerialQueueUITests */,
				6B4386341D28977E00B69D5E /* Products */,
			);
			sourceTree = "<group>";
		};
		6B4386341D28977E00B69D5E /* Products */ = {
			isa = PBXGroup;
			children = (
				6B4386331D28977E00B69D5E /* SerialQueue.app */,
				6B4386471D28977E00B69D5E /* SerialQueueTests.xctest */,
				6B4386521D28977E00B69D5E /* SerialQueueUITests.xctest */,
			);
			name = Products;
			sourceTree = "<group>";
		};
		6B4386351D28977E00B69D5E /* SerialQueue */ = {
			isa = PBXGroup;
			children = (
				6B4386361D28977E00B69D5E /* AppDelegate.swift */,
				6B4386381D28977E00B69D5E /* ViewController.swift */,
				6B43863A1D28977E00B69D5E /* Main.storyboard */,
				6B43863D1D28977E00B69D5E /* Assets.xcassets */,
				6B43863F1D28977E00B69D5E /* LaunchScreen.storyboard */,
				6B4386421D28977E00B69D5E /* Info.plist */,
			);
			path = SerialQueue;
			sourceTree = "<group>";
		};
		6B43864A1D28977E00B69D5E /* SerialQueueTests */ = {
			isa = PBXGroup;
			children = (
				6B43864B1D28977E00B69D5E /* SerialQueueTests.swift */,
				6B43864D1D28977E00B69D5E /* Info.plist */,
			);
			path = SerialQueueTests;
			sourceTree = "<group>";
		};
		6B4386551D28977E00B69D5E /* SerialQueueUITests */ = {
			isa = PBXGroup;
			children = (
				6B4386561D28977E00B69D5E /* SerialQueueUITests.swift */,
				6B4386581D28977E00B69D5E /* Info.plist */,
			);
			path = SerialQueueUITests;
			sourceTree = "<group>";
		};
/* End PBXGroup section */

/* Begin PBXNativeTarget section */
		6B4386321D28977E00B69D5E /* SerialQueue */ = {
			isa = PBXNativeTarget;
			buildConfigurationList = 6B43865B1D28977E00B69D5E /* Build configuration list for PBXNativeTarget "SerialQueue" */;
			buildPhases = (
				6B43862F1D28977E00B69D5E /* Sources */,
				6B4386301D28977E00B69D5E /* Frameworks */,
				6B4386311D28977E00B69D5E /* Resources */,
			);
			buildRules = (
			);
			dependencies = (
			);
			name = SerialQueue;
			productName = SerialQueue;
			productReference = 6B4386331D28977E00B69D5E /* SerialQueue.app */;
			productType = "com.apple.product-type.application";
		};
		6B4386461D28977E00B69D5E /* SerialQueueTests */ = {
			isa = PBXNativeTarget;
			buildConfigurationList = 6B43865E1D28977E00B69D5E /* Build configuration list for PBXNativeTarget "SerialQueueTests" */;
			buildPhases = (
				6B4386431D28977E00B69D5E /* Sources */,
				6B4386441D28977E00B69D5E /* Frameworks */,
				6B4386451D28977E00B69D5E /* Resources */,
			);
			buildRules = (
			);
			dependencies = (
				6B4386491D28977E00B69D5E /* PBXTargetDependency */,
			);
			name = SerialQueueTests;
			productName = SerialQueueTests;
			productReference = 6B4386471D28977E00B69D5E /* SerialQueueTests.xctest */;
			productType = "com.apple.product-type.bundle.unit-test";
		};
		6B4386511D28977E00B69D5E /* SerialQueueUITests */ = {
			isa = PBXNativeTarget;
			buildConfigurationList = 6B4386611D28977E00B69D5E /* Build configuration list for PBXNativeTarget "SerialQueueUITests" */;
			buildPhases = (
				6B43864E1D28977E00B69D5E /* Sources */,
				6B43864F1D28977E00B69D5E /* Frameworks */,
				6B4386501D28977E00B69D5E /* Resources */,
			);
			buildRules = (
			);
			dependencies = (
				6B4386541D28977E00B69D5E /* PBXTargetDependency */,
			);
			name = SerialQueueUITests;
			productName = SerialQueueUITests;
			productReference = 6B4386521D28977E00B69D5E /* SerialQueueUITests.xctest */;
			productType = "com.apple.product-type.bundle.ui-testing";
		};
/* End PBXNativeTarget section */

/* Begin PBXProject section */
		6B43862B1D28977E00B69D5E /* Project object */ = {
			isa = PBXProject;
			attributes = {
				LastSwiftUpdateCheck = 0800;
				LastUpgradeCheck = 0900;
				ORGANIZATIONNAME = ChuKoKang;
				TargetAttributes = {
					6B4386321D28977E00B69D5E = {
						CreatedOnToolsVersion = 8.0;
						DevelopmentTeam = 8G85EE7C35;
						DevelopmentTeamName = "KoKang Chu";
						LastSwiftMigration = 0900;
						ProvisioningStyle = Automatic;
					};
					6B4386461D28977E00B69D5E = {
						CreatedOnToolsVersion = 8.0;
						DevelopmentTeam = 8G85EE7C35;
						DevelopmentTeamName = "KoKang Chu";
						LastSwiftMigration = 0900;
						ProvisioningStyle = Automatic;
						TestTargetID = 6B4386321D28977E00B69D5E;
					};
					6B4386511D28977E00B69D5E = {
						CreatedOnToolsVersion = 8.0;
						DevelopmentTeam = 8G85EE7C35;
						DevelopmentTeamName = "KoKang Chu";
						LastSwiftMigration = 0900;
						ProvisioningStyle = Automatic;
						TestTargetID = 6B4386321D28977E00B69D5E;
					};
				};
			};
			buildConfigurationList = 6B43862E1D28977E00B69D5E /* Build configuration list for PBXProject "SerialQueue" */;
			compatibilityVersion = "Xcode 3.2";
			developmentRegion = English;
			hasScannedForEncodings = 0;
			knownRegions = (
				en,
				Base,
			);
			mainGroup = 6B43862A1D28977E00B69D5E;
			productRefGroup = 6B4386341D28977E00B69D5E /* Products */;
			projectDirPath = "";
			projectRoot = "";
			targets = (
				6B4386321D28977E00B69D5E /* SerialQueue */,
				6B4386461D28977E00B69D5E /* SerialQueueTests */,
				6B4386511D28977E00B69D5E /* SerialQueueUITests */,
			);
		};
/* End PBXProject section */

/* Begin PBXResourcesBuildPhase section */
		6B4386311D28977E00B69D5E /* Resources */ = {
			isa = PBXResourcesBuildPhase;
			buildActionMask = 2147483647;
			files = (
				6B4386411D28977E00B69D5E /* LaunchScreen.storyboard in Resources */,
				6B43863E1D28977E00B69D5E /* Assets.xcassets in Resources */,
				6B43863C1D28977E00B69D5E /* Main.storyboard in Resources */,
			);
			runOnlyForDeploymentPostprocessing = 0;
		};
		6B4386451D28977E00B69D5E /* Resources */ = {
			isa = PBXResourcesBuildPhase;
			buildActionMask = 2147483647;
			files = (
			);
			runOnlyForDeploymentPostprocessing = 0;
		};
		6B4386501D28977E00B69D5E /* Resources */ = {
			isa = PBXResourcesBuildPhase;
			buildActionMask = 2147483647;
			files = (
			);
			runOnlyForDeploymentPostprocessing = 0;
		};
/* End PBXResourcesBuildPhase section */

/* Begin PBXSourcesBuildPhase section */
		6B43862F1D28977E00B69D5E /* Sources */ = {
			isa = PBXSourcesBuildPhase;
			buildActionMask = 2147483647;
			files = (
				6B4386391D28977E00B69D5E /* ViewController.swift in Sources */,
				6B4386371D28977E00B69D5E /* AppDelegate.swift in Sources */,
			);
			runOnlyForDeploymentPostprocessing = 0;
		};
		6B4386431D28977E00B69D5E /* Sources */ = {
			isa = PBXSourcesBuildPhase;
			buildActionMask = 2147483647;
			files = (
				6B43864C1D28977E00B69D5E /* SerialQueueTests.swift in Sources */,
			);
			runOnlyForDeploymentPostprocessing = 0;
		};
		6B43864E1D28977E00B69D5E /* Sources */ = {
			isa = PBXSourcesBuildPhase;
			buildActionMask = 2147483647;
			files = (
				6B4386571D28977E00B69D5E /* SerialQueueUITests.swift in Sources */,
			);
			runOnlyForDeploymentPostprocessing = 0;
		};
/* End PBXSourcesBuildPhase section */

/* Begin PBXTargetDependency section */
		6B4386491D28977E00B69D5E /* PBXTargetDependency */ = {
			isa = PBXTargetDependency;
			target = 6B4386321D28977E00B69D5E /* SerialQueue */;
			targetProxy = 6B4386481D28977E00B69D5E /* PBXContainerItemProxy */;
		};
		6B4386541D28977E00B69D5E /* PBXTargetDependency */ = {
			isa = PBXTargetDependency;
			target = 6B4386321D28977E00B69D5E /* SerialQueue */;
			targetProxy = 6B4386531D28977E00B69D5E /* PBXContainerItemProxy */;
		};
/* End PBXTargetDependency section */

/* Begin PBXVariantGroup section */
		6B43863A1D28977E00B69D5E /* Main.storyboard */ = {
			isa = PBXVariantGroup;
			children = (
				6B43863B1D28977E00B69D5E /* Base */,
			);
			name = Main.storyboard;
			sourceTree = "<group>";
		};
		6B43863F1D28977E00B69D5E /* LaunchScreen.storyboard */ = {
			isa = PBXVariantGroup;
			children = (
				6B4386401D28977E00B69D5E /* Base */,
			);
			name = LaunchScreen.storyboard;
			sourceTree = "<group>";
		};
/* End PBXVariantGroup section */

/* Begin XCBuildConfiguration section */
		6B4386591D28977E00B69D5E /* Debug */ = {
			isa = XCBuildConfiguration;
			buildSettings = {
				ALWAYS_SEARCH_USER_PATHS = NO;
				CLANG_ANALYZER_NONNULL = YES;
				CLANG_CXX_LANGUAGE_STANDARD = "gnu++0x";
				CLANG_CXX_LIBRARY = "libc++";
				CLANG_ENABLE_MODULES = YES;
				CLANG_ENABLE_OBJC_ARC = YES;
				CLANG_WARN_BLOCK_CAPTURE_AUTORELEASING = YES;
				CLANG_WARN_BOOL_CONVERSION = YES;
				CLANG_WARN_COMMA = YES;
				CLANG_WARN_CONSTANT_CONVERSION = YES;
				CLANG_WARN_DIRECT_OBJC_ISA_USAGE = YES_ERROR;
				CLANG_WARN_DOCUMENTATION_COMMENTS = YES;
				CLANG_WARN_EMPTY_BODY = YES;
				CLANG_WARN_ENUM_CONVERSION = YES;
				CLANG_WARN_INFINITE_RECURSION = YES;
				CLANG_WARN_INT_CONVERSION = YES;
				CLANG_WARN_NON_LITERAL_NULL_CONVERSION = YES;
				CLANG_WARN_OBJC_LITERAL_CONVERSION = YES;
				CLANG_WARN_OBJC_ROOT_CLASS = YES_ERROR;
				CLANG_WARN_RANGE_LOOP_ANALYSIS = YES;
				CLANG_WARN_STRICT_PROTOTYPES = YES;
				CLANG_WARN_SUSPICIOUS_MOVE = YES;
				CLANG_WARN_UNREACHABLE_CODE = YES;
				CLANG_WARN__DUPLICATE_METHOD_MATCH = YES;
				"CODE_SIGN_IDENTITY[sdk=iphoneos*]" = "iPhone Developer";
				COPY_PHASE_STRIP = NO;
				DEBUG_INFORMATION_FORMAT = dwarf;
				ENABLE_STRICT_OBJC_MSGSEND = YES;
				ENABLE_TESTABILITY = YES;
				GCC_C_LANGUAGE_STANDARD = gnu99;
				GCC_DYNAMIC_NO_PIC = NO;
				GCC_NO_COMMON_BLOCKS = YES;
				GCC_OPTIMIZATION_LEVEL = 0;
				GCC_PREPROCESSOR_DEFINITIONS = (
					"DEBUG=1",
					"$(inherited)",
				);
				GCC_WARN_64_TO_32_BIT_CONVERSION = YES;
				GCC_WARN_ABOUT_RETURN_TYPE = YES_ERROR;
				GCC_WARN_UNDECLARED_SELECTOR = YES;
				GCC_WARN_UNINITIALIZED_AUTOS = YES_AGGRESSIVE;
				GCC_WARN_UNUSED_FUNCTION = YES;
				GCC_WARN_UNUSED_VARIABLE = YES;
				IPHONEOS_DEPLOYMENT_TARGET = 10.0;
				MTL_ENABLE_DEBUG_INFO = YES;
				ONLY_ACTIVE_ARCH = YES;
				SDKROOT = iphoneos;
				SWIFT_ACTIVE_COMPILATION_CONDITIONS = DEBUG;
				SWIFT_OPTIMIZATION_LEVEL = "-Onone";
				TARGETED_DEVICE_FAMILY = "1,2";
			};
			name = Debug;
		};
		6B43865A1D28977E00B69D5E /* Release */ = {
			isa = XCBuildConfiguration;
			buildSettings = {
				ALWAYS_SEARCH_USER_PATHS = NO;
				CLANG_ANALYZER_NONNULL = YES;
				CLANG_CXX_LANGUAGE_STANDARD = "gnu++0x";
				CLANG_CXX_LIBRARY = "libc++";
				CLANG_ENABLE_MODULES = YES;
				CLANG_ENABLE_OBJC_ARC = YES;
				CLANG_WARN_BLOCK_CAPTURE_AUTORELEASING = YES;
				CLANG_WARN_BOOL_CONVERSION = YES;
				CLANG_WARN_COMMA = YES;
				CLANG_WARN_CONSTANT_CONVERSION = YES;
				CLANG_WARN_DIRECT_OBJC_ISA_USAGE = YES_ERROR;
				CLANG_WARN_DOCUMENTATION_COMMENTS = YES;
				CLANG_WARN_EMPTY_BODY = YES;
				CLANG_WARN_ENUM_CONVERSION = YES;
				CLANG_WARN_INFINITE_RECURSION = YES;
				CLANG_WARN_INT_CONVERSION = YES;
				CLANG_WARN_NON_LITERAL_NULL_CONVERSION = YES;
				CLANG_WARN_OBJC_LITERAL_CONVERSION = YES;
				CLANG_WARN_OBJC_ROOT_CLASS = YES_ERROR;
				CLANG_WARN_RANGE_LOOP_ANALYSIS = YES;
				CLANG_WARN_STRICT_PROTOTYPES = YES;
				CLANG_WARN_SUSPICIOUS_MOVE = YES;
				CLANG_WARN_UNREACHABLE_CODE = YES;
				CLANG_WARN__DUPLICATE_METHOD_MATCH = YES;
				"CODE_SIGN_IDENTITY[sdk=iphoneos*]" = "iPhone Developer";
				COPY_PHASE_STRIP = NO;
				DEBUG_INFORMATION_FORMAT = "dwarf-with-dsym";
				ENABLE_NS_ASSERTIONS = NO;
				ENABLE_STRICT_OBJC_MSGSEND = YES;
				GCC_C_LANGUAGE_STANDARD = gnu99;
				GCC_NO_COMMON_BLOCKS = YES;
				GCC_WARN_64_TO_32_BIT_CONVERSION = YES;
				GCC_WARN_ABOUT_RETURN_TYPE = YES_ERROR;
				GCC_WARN_UNDECLARED_SELECTOR = YES;
				GCC_WARN_UNINITIALIZED_AUTOS = YES_AGGRESSIVE;
				GCC_WARN_UNUSED_FUNCTION = YES;
				GCC_WARN_UNUSED_VARIABLE = YES;
				IPHONEOS_DEPLOYMENT_TARGET = 10.0;
				MTL_ENABLE_DEBUG_INFO = NO;
				SDKROOT = iphoneos;
				SWIFT_OPTIMIZATION_LEVEL = "-Owholemodule";
				TARGETED_DEVICE_FAMILY = "1,2";
				VALIDATE_PRODUCT = YES;
			};
			name = Release;
		};
		6B43865C1D28977E00B69D5E /* Debug */ = {
			isa = XCBuildConfiguration;
			buildSettings = {
				ASSETCATALOG_COMPILER_APPICON_NAME = AppIcon;
				INFOPLIST_FILE = SerialQueue/Info.plist;
				LD_RUNPATH_SEARCH_PATHS = "$(inherited) @executable_path/Frameworks";
				PRODUCT_BUNDLE_IDENTIFIER = books.ckk.SerialQueue;
				PRODUCT_NAME = "$(TARGET_NAME)";
				SWIFT_SWIFT3_OBJC_INFERENCE = Default;
				SWIFT_VERSION = 4.0;
			};
			name = Debug;
		};
		6B43865D1D28977E00B69D5E /* Release */ = {
			isa = XCBuildConfiguration;
			buildSettings = {
				ASSETCATALOG_COMPILER_APPICON_NAME = AppIcon;
				INFOPLIST_FILE = SerialQueue/Info.plist;
				LD_RUNPATH_SEARCH_PATHS = "$(inherited) @executable_path/Frameworks";
				PRODUCT_BUNDLE_IDENTIFIER = books.ckk.SerialQueue;
				PRODUCT_NAME = "$(TARGET_NAME)";
				SWIFT_SWIFT3_OBJC_INFERENCE = Default;
				SWIFT_VERSION = 4.0;
			};
			name = Release;
		};
		6B43865F1D28977E00B69D5E /* Debug */ = {
			isa = XCBuildConfiguration;
			buildSettings = {
				BUNDLE_LOADER = "$(TEST_HOST)";
				INFOPLIST_FILE = SerialQueueTests/Info.plist;
				LD_RUNPATH_SEARCH_PATHS = "$(inherited) @executable_path/Frameworks @loader_path/Frameworks";
				PRODUCT_BUNDLE_IDENTIFIER = books.ckk.SerialQueueTests;
				PRODUCT_NAME = "$(TARGET_NAME)";
				SWIFT_SWIFT3_OBJC_INFERENCE = On;
				SWIFT_VERSION = 4.0;
				TEST_HOST = "$(BUILT_PRODUCTS_DIR)/SerialQueue.app/SerialQueue";
			};
			name = Debug;
		};
		6B4386601D28977E00B69D5E /* Release */ = {
			isa = XCBuildConfiguration;
			buildSettings = {
				BUNDLE_LOADER = "$(TEST_HOST)";
				INFOPLIST_FILE = SerialQueueTests/Info.plist;
				LD_RUNPATH_SEARCH_PATHS = "$(inherited) @executable_path/Frameworks @loader_path/Frameworks";
				PRODUCT_BUNDLE_IDENTIFIER = books.ckk.SerialQueueTests;
				PRODUCT_NAME = "$(TARGET_NAME)";
				SWIFT_SWIFT3_OBJC_INFERENCE = On;
				SWIFT_VERSION = 4.0;
				TEST_HOST = "$(BUILT_PRODUCTS_DIR)/SerialQueue.app/SerialQueue";
			};
			name = Release;
		};
		6B4386621D28977E00B69D5E /* Debug */ = {
			isa = XCBuildConfiguration;
			buildSettings = {
				INFOPLIST_FILE = SerialQueueUITests/Info.plist;
				LD_RUNPATH_SEARCH_PATHS = "$(inherited) @executable_path/Frameworks @loader_path/Frameworks";
				PRODUCT_BUNDLE_IDENTIFIER = books.ckk.SerialQueueUITests;
				PRODUCT_NAME = "$(TARGET_NAME)";
				SWIFT_SWIFT3_OBJC_INFERENCE = On;
				SWIFT_VERSION = 4.0;
				TEST_TARGET_NAME = SerialQueue;
			};
			name = Debug;
		};
		6B4386631D28977E00B69D5E /* Release */ = {
			isa = XCBuildConfiguration;
			buildSettings = {
				INFOPLIST_FILE = SerialQueueUITests/Info.plist;
				LD_RUNPATH_SEARCH_PATHS = "$(inherited) @executable_path/Frameworks @loader_path/Frameworks";
				PRODUCT_BUNDLE_IDENTIFIER = books.ckk.SerialQueueUITests;
				PRODUCT_NAME = "$(TARGET_NAME)";
				SWIFT_SWIFT3_OBJC_INFERENCE = On;
				SWIFT_VERSION = 4.0;
				TEST_TARGET_NAME = SerialQueue;
			};
			name = Release;
		};
/* End XCBuildConfiguration section */

/* Begin XCConfigurationList section */
		6B43862E1D28977E00B69D5E /* Build configuration list for PBXProject "SerialQueue" */ = {
			isa = XCConfigurationList;
			buildConfigurations = (
				6B4386591D28977E00B69D5E /* Debug */,
				6B43865A1D28977E00B69D5E /* Release */,
			);
			defaultConfigurationIsVisible = 0;
			defaultConfigurationName = Release;
		};
		6B43865B1D28977E00B69D5E /* Build configuration list for PBXNativeTarget "SerialQueue" */ = {
			isa = XCConfigurationList;
			buildConfigurations = (
				6B43865C1D28977E00B69D5E /* Debug */,
				6B43865D1D28977E00B69D5E /* Release */,
			);
			defaultConfigurationIsVisible = 0;
			defaultConfigurationName = Release;
		};
		6B43865E1D28977E00B69D5E /* Build configuration list for PBXNativeTarget "SerialQueueTests" */ = {
			isa = XCConfigurationList;
			buildConfigurations = (
				6B43865F1D28977E00B69D5E /* Debug */,
				6B4386601D28977E00B69D5E /* Release */,
			);
			defaultConfigurationIsVisible = 0;
			defaultConfigurationName = Release;
		};
		6B4386611D28977E00B69D5E /* Build configuration list for PBXNativeTarget "SerialQueueUITests" */ = {
			isa = XCConfigurationList;
			buildConfigurations = (
				6B4386621D28977E00B69D5E /* Debug */,
				6B4386631D28977E00B69D5E /* Release */,
			);
			defaultConfigurationIsVisible = 0;
			defaultConfigurationName = Release;
		};
/* End XCConfigurationList section */
	};
	rootObject = 6B43862B1D28977E00B69D5E /* Project object */;
}
